// !$*UTF8*$!
{
	archiveVersion = 1;
	classes = {
	};
	objectVersion = 50;
	objects = {

/* Begin PBXBuildFile section */
		231AE14A239828170051051C /* MyMeetingsViewController.swift in Sources */ = {isa = PBXBuildFile; fileRef = 231AE149239828170051051C /* MyMeetingsViewController.swift */; };
		235E7B83238D9CA900B59855 /* Topic.swift in Sources */ = {isa = PBXBuildFile; fileRef = 235E7B82238D9CA900B59855 /* Topic.swift */; };
		235E7B86238DA95300B59855 /* UnfinishedMeetingViewController.swift in Sources */ = {isa = PBXBuildFile; fileRef = 235E7B85238DA95300B59855 /* UnfinishedMeetingViewController.swift */; };
		239153242391883E00479BB6 /* FinishedMeetingViewController.swift in Sources */ = {isa = PBXBuildFile; fileRef = 239153232391883E00479BB6 /* FinishedMeetingViewController.swift */; };
		2391532923919F2E00479BB6 /* ConclusionsViewController.swift in Sources */ = {isa = PBXBuildFile; fileRef = 2391532823919F2E00479BB6 /* ConclusionsViewController.swift */; };
		23E7E12E2397D46900B99A09 /* UnfinishedTopicsTableViewCell.m in Sources */ = {isa = PBXBuildFile; fileRef = 23E7E12D2397D46900B99A09 /* UnfinishedTopicsTableViewCell.m */; };
		23E7E1312397D5FE00B99A09 /* FinishedTopicsTableViewCell.m in Sources */ = {isa = PBXBuildFile; fileRef = 23E7E1302397D5FE00B99A09 /* FinishedTopicsTableViewCell.m */; };
		492C050023A1587C00442814 /* ViewController+SearchController.swift in Sources */ = {isa = PBXBuildFile; fileRef = 492C04FF23A1587C00442814 /* ViewController+SearchController.swift */; };
		492C050423A1818500442814 /* ProfileViewController.swift in Sources */ = {isa = PBXBuildFile; fileRef = 492C050323A1818500442814 /* ProfileViewController.swift */; };
		492C050523A1819F00442814 /* Profile.storyboard in Resources */ = {isa = PBXBuildFile; fileRef = 492C050723A1819F00442814 /* Profile.storyboard */; };
		492C051023A2904800442814 /* OnBoarding.storyboard in Resources */ = {isa = PBXBuildFile; fileRef = 492C051223A2904800442814 /* OnBoarding.storyboard */; };
		492C051A23A2907A00442814 /* OnBoardingViewController.swift in Sources */ = {isa = PBXBuildFile; fileRef = 492C051923A2907A00442814 /* OnBoardingViewController.swift */; };
		496C515C239893F2000EF74F /* EventManager.m in Sources */ = {isa = PBXBuildFile; fileRef = 496C515B239893F2000EF74F /* EventManager.m */; };
		49BC44C5239FD913007A85E2 /* MyMeetingsTableViewCell.swift in Sources */ = {isa = PBXBuildFile; fileRef = 49BC44C4239FD913007A85E2 /* MyMeetingsTableViewCell.swift */; };
		49CB4C47238D6C6500DFDAD4 /* CloudManager.swift in Sources */ = {isa = PBXBuildFile; fileRef = 49CB4C46238D6C6500DFDAD4 /* CloudManager.swift */; };
		49EB44E223871126002F434D /* AppDelegate.swift in Sources */ = {isa = PBXBuildFile; fileRef = 49EB44E123871126002F434D /* AppDelegate.swift */; };
		49EB44E423871126002F434D /* SceneDelegate.swift in Sources */ = {isa = PBXBuildFile; fileRef = 49EB44E323871126002F434D /* SceneDelegate.swift */; };
		49EB44E623871126002F434D /* LoginViewController.swift in Sources */ = {isa = PBXBuildFile; fileRef = 49EB44E523871126002F434D /* LoginViewController.swift */; };
		49EB44EE23871128002F434D /* Assets.xcassets in Resources */ = {isa = PBXBuildFile; fileRef = 49EB44ED23871128002F434D /* Assets.xcassets */; };
		49EB44F123871128002F434D /* LaunchScreen.storyboard in Resources */ = {isa = PBXBuildFile; fileRef = 49EB44EF23871128002F434D /* LaunchScreen.storyboard */; };
		49F09AB52399A0BA00B7DFD3 /* Main.storyboard in Resources */ = {isa = PBXBuildFile; fileRef = 49F09A602399824500B7DFD3 /* Main.storyboard */; };
		49F09ACB2399A1BA00B7DFD3 /* MyMeetings.storyboard in Resources */ = {isa = PBXBuildFile; fileRef = 49F09A6A2399827100B7DFD3 /* MyMeetings.storyboard */; };
		49F09ACC2399A1BE00B7DFD3 /* FinishedMeeting.storyboard in Resources */ = {isa = PBXBuildFile; fileRef = 49F09A72239982A600B7DFD3 /* FinishedMeeting.storyboard */; };
		49F09ACD2399A1C100B7DFD3 /* UnfinishedMeeting.storyboard in Resources */ = {isa = PBXBuildFile; fileRef = 49F09A7A239982C600B7DFD3 /* UnfinishedMeeting.storyboard */; };
		49F09ACE2399A1C400B7DFD3 /* Contact.storyboard in Resources */ = {isa = PBXBuildFile; fileRef = 49F09A82239982FA00B7DFD3 /* Contact.storyboard */; };
		49F09ACF2399A1C700B7DFD3 /* NewMeeting.storyboard in Resources */ = {isa = PBXBuildFile; fileRef = 49F09A8A2399831800B7DFD3 /* NewMeeting.storyboard */; };
		49F09AD02399A1CB00B7DFD3 /* SelectAColor.storyboard in Resources */ = {isa = PBXBuildFile; fileRef = 49F09AC32399A18000B7DFD3 /* SelectAColor.storyboard */; };
		A4284634239976C60044C33E /* NewMeetingViewController.h in Sources */ = {isa = PBXBuildFile; fileRef = A4EB3BE32395E3820097857F /* NewMeetingViewController.h */; };
		A4284637239982BF0044C33E /* NewMeetingViewController+NameMeetingValidation.m in Sources */ = {isa = PBXBuildFile; fileRef = A4284636239982BF0044C33E /* NewMeetingViewController+NameMeetingValidation.m */; };
		A45097AF238D95F4009AB71E /* MeetingBrowserPeer.swift in Sources */ = {isa = PBXBuildFile; fileRef = A45097AE238D95F4009AB71E /* MeetingBrowserPeer.swift */; };
		A4533FF7238C58060089257A /* CloudKit.framework in Frameworks */ = {isa = PBXBuildFile; fileRef = A4533FF6238C58060089257A /* CloudKit.framework */; };
		A4533FF9238C67F00089257A /* Meeting.swift in Sources */ = {isa = PBXBuildFile; fileRef = A4533FF8238C67F00089257A /* Meeting.swift */; };
		A49229EA23A316ED00FD95B9 /* ContactCollectionViewCell.xib in Resources */ = {isa = PBXBuildFile; fileRef = A49229E823A316ED00FD95B9 /* ContactCollectionViewCell.xib */; };
		A49229EE23A3323500FD95B9 /* ContactTableView.swift in Sources */ = {isa = PBXBuildFile; fileRef = A49229ED23A3323500FD95B9 /* ContactTableView.swift */; };
		A4922A1F23A728FB00FD95B9 /* SFProText-Medium.ttf in Resources */ = {isa = PBXBuildFile; fileRef = A4922A1023A728FB00FD95B9 /* SFProText-Medium.ttf */; };
		A4922A2023A728FB00FD95B9 /* SFProText-Heavy.ttf in Resources */ = {isa = PBXBuildFile; fileRef = A4922A1123A728FB00FD95B9 /* SFProText-Heavy.ttf */; };
		A4922A2123A728FB00FD95B9 /* SFProDisplay-Ultralight.ttf in Resources */ = {isa = PBXBuildFile; fileRef = A4922A1223A728FB00FD95B9 /* SFProDisplay-Ultralight.ttf */; };
		A4922A2223A728FB00FD95B9 /* SFProText-Semibold.ttf in Resources */ = {isa = PBXBuildFile; fileRef = A4922A1323A728FB00FD95B9 /* SFProText-Semibold.ttf */; };
		A4922A2323A728FB00FD95B9 /* SFProText-Regular.ttf in Resources */ = {isa = PBXBuildFile; fileRef = A4922A1423A728FB00FD95B9 /* SFProText-Regular.ttf */; };
		A4922A2423A728FB00FD95B9 /* SFProDisplay-Medium.ttf in Resources */ = {isa = PBXBuildFile; fileRef = A4922A1523A728FB00FD95B9 /* SFProDisplay-Medium.ttf */; };
		A4922A2523A728FB00FD95B9 /* SFProDisplay-Black.ttf in Resources */ = {isa = PBXBuildFile; fileRef = A4922A1623A728FB00FD95B9 /* SFProDisplay-Black.ttf */; };
		A4922A2623A728FB00FD95B9 /* SFProText-Light.ttf in Resources */ = {isa = PBXBuildFile; fileRef = A4922A1723A728FB00FD95B9 /* SFProText-Light.ttf */; };
		A4922A2723A728FB00FD95B9 /* SFProDisplay-Light.ttf in Resources */ = {isa = PBXBuildFile; fileRef = A4922A1823A728FB00FD95B9 /* SFProDisplay-Light.ttf */; };
		A4922A2823A728FB00FD95B9 /* SFProDisplay-Regular.ttf in Resources */ = {isa = PBXBuildFile; fileRef = A4922A1923A728FB00FD95B9 /* SFProDisplay-Regular.ttf */; };
		A4922A2923A728FB00FD95B9 /* SFProDisplay-Bold.ttf in Resources */ = {isa = PBXBuildFile; fileRef = A4922A1A23A728FB00FD95B9 /* SFProDisplay-Bold.ttf */; };
		A4922A2A23A728FB00FD95B9 /* SFProText-Bold.ttf in Resources */ = {isa = PBXBuildFile; fileRef = A4922A1B23A728FB00FD95B9 /* SFProText-Bold.ttf */; };
		A4922A2B23A728FB00FD95B9 /* SFProDisplay-Semibold.ttf in Resources */ = {isa = PBXBuildFile; fileRef = A4922A1C23A728FB00FD95B9 /* SFProDisplay-Semibold.ttf */; };
		A4922A2C23A728FB00FD95B9 /* SFProDisplay-Heavy.ttf in Resources */ = {isa = PBXBuildFile; fileRef = A4922A1D23A728FB00FD95B9 /* SFProDisplay-Heavy.ttf */; };
		A4922A2D23A728FB00FD95B9 /* SFProDisplay-Thin.ttf in Resources */ = {isa = PBXBuildFile; fileRef = A4922A1E23A728FB00FD95B9 /* SFProDisplay-Thin.ttf */; };
		A4BAEB2D239DD16300800277 /* NewMeetingViewController+SettingPickers.m in Sources */ = {isa = PBXBuildFile; fileRef = A4BAEB2C239DD16300800277 /* NewMeetingViewController+SettingPickers.m */; };
		A4BAEB2E239F124100800277 /* ContactTableViewController.swift in Sources */ = {isa = PBXBuildFile; fileRef = A4EB3BF22397400A0097857F /* ContactTableViewController.swift */; };
		A4C5BE8D23A2C105002BE4B9 /* ContactTableViewCell.swift in Sources */ = {isa = PBXBuildFile; fileRef = A4C5BE8B23A2C105002BE4B9 /* ContactTableViewCell.swift */; };
		A4C5BE8E23A2C105002BE4B9 /* ContactTableViewCell.xib in Resources */ = {isa = PBXBuildFile; fileRef = A4C5BE8C23A2C105002BE4B9 /* ContactTableViewCell.xib */; };
		A4C5BE9423A2E6B5002BE4B9 /* ContactCollectionViewCell.m in Sources */ = {isa = PBXBuildFile; fileRef = A4C5BE9223A2E6B5002BE4B9 /* ContactCollectionViewCell.m */; };
		A4C5BE9623A30025002BE4B9 /* ContactCollectionViewCell.h in Sources */ = {isa = PBXBuildFile; fileRef = A4C5BE9123A2E6B5002BE4B9 /* ContactCollectionViewCell.h */; };
		A4EB3BE52395E3820097857F /* NewMeetingViewController.m in Sources */ = {isa = PBXBuildFile; fileRef = A4EB3BE42395E3820097857F /* NewMeetingViewController.m */; };
		A4EB3BEA2396011F0097857F /* UIView+SetupBounds.m in Sources */ = {isa = PBXBuildFile; fileRef = A4EB3BE92396011F0097857F /* UIView+SetupBounds.m */; };
		A4EB3BFD239747640097857F /* Contact.m in Sources */ = {isa = PBXBuildFile; fileRef = A4EB3BFC239747640097857F /* Contact.m */; };
		A4EB3C13239754D40097857F /* ContactCollectionView.m in Sources */ = {isa = PBXBuildFile; fileRef = A4EB3C12239754D40097857F /* ContactCollectionView.m */; };
		A4EB3C1C2397DF9A0097857F /* NSString+NewFeatures.m in Sources */ = {isa = PBXBuildFile; fileRef = A4EB3C1B2397DF9A0097857F /* NSString+NewFeatures.m */; };
		A4EB3C1F2397EAF60097857F /* ContactManager.m in Sources */ = {isa = PBXBuildFile; fileRef = A4EB3C1E2397EAF60097857F /* ContactManager.m */; };
		A4EB3C202397F0990097857F /* Contact.h in Sources */ = {isa = PBXBuildFile; fileRef = A4EB3BFB239747640097857F /* Contact.h */; };
		A4EB3C22239854A00097857F /* MeetingiOS-Bridging-Header.h in Sources */ = {isa = PBXBuildFile; fileRef = A4EB3BE22395E3820097857F /* MeetingiOS-Bridging-Header.h */; };
		A4EB3C232398555D0097857F /* ContactCollectionView.h in Sources */ = {isa = PBXBuildFile; fileRef = A4EB3C11239754D40097857F /* ContactCollectionView.h */; };
		A4EB3C24239855640097857F /* ContactManager.h in Sources */ = {isa = PBXBuildFile; fileRef = A4EB3C1D2397EAF60097857F /* ContactManager.h */; };
		E219ACC52397DED5002CF585 /* SelectColorViewController.swift in Sources */ = {isa = PBXBuildFile; fileRef = E219ACC42397DED5002CF585 /* SelectColorViewController.swift */; };
		E2637A7E239FDD13006B732C /* ConclusionTableViewCell.m in Sources */ = {isa = PBXBuildFile; fileRef = E2637A7D239FDD13006B732C /* ConclusionTableViewCell.m */; };
		E26A2BCD238D5BD700A956DE /* User.swift in Sources */ = {isa = PBXBuildFile; fileRef = E26A2BCC238D5BD700A956DE /* User.swift */; };
/* End PBXBuildFile section */

/* Begin PBXFileReference section */
		231AE149239828170051051C /* MyMeetingsViewController.swift */ = {isa = PBXFileReference; lastKnownFileType = sourcecode.swift; path = MyMeetingsViewController.swift; sourceTree = "<group>"; };
		235E7B82238D9CA900B59855 /* Topic.swift */ = {isa = PBXFileReference; fileEncoding = 4; lastKnownFileType = sourcecode.swift; path = Topic.swift; sourceTree = "<group>"; };
		235E7B85238DA95300B59855 /* UnfinishedMeetingViewController.swift */ = {isa = PBXFileReference; fileEncoding = 4; lastKnownFileType = sourcecode.swift; path = UnfinishedMeetingViewController.swift; sourceTree = "<group>"; };
		239153232391883E00479BB6 /* FinishedMeetingViewController.swift */ = {isa = PBXFileReference; lastKnownFileType = sourcecode.swift; path = FinishedMeetingViewController.swift; sourceTree = "<group>"; };
		2391532823919F2E00479BB6 /* ConclusionsViewController.swift */ = {isa = PBXFileReference; lastKnownFileType = sourcecode.swift; path = ConclusionsViewController.swift; sourceTree = "<group>"; };
		23E7E12C2397D46900B99A09 /* UnfinishedTopicsTableViewCell.h */ = {isa = PBXFileReference; lastKnownFileType = sourcecode.c.h; path = UnfinishedTopicsTableViewCell.h; sourceTree = "<group>"; };
		23E7E12D2397D46900B99A09 /* UnfinishedTopicsTableViewCell.m */ = {isa = PBXFileReference; lastKnownFileType = sourcecode.c.objc; path = UnfinishedTopicsTableViewCell.m; sourceTree = "<group>"; };
		23E7E12F2397D5FE00B99A09 /* FinishedTopicsTableViewCell.h */ = {isa = PBXFileReference; lastKnownFileType = sourcecode.c.h; path = FinishedTopicsTableViewCell.h; sourceTree = "<group>"; };
		23E7E1302397D5FE00B99A09 /* FinishedTopicsTableViewCell.m */ = {isa = PBXFileReference; lastKnownFileType = sourcecode.c.objc; path = FinishedTopicsTableViewCell.m; sourceTree = "<group>"; };
		492C04FF23A1587C00442814 /* ViewController+SearchController.swift */ = {isa = PBXFileReference; lastKnownFileType = sourcecode.swift; path = "ViewController+SearchController.swift"; sourceTree = "<group>"; };
		492C050323A1818500442814 /* ProfileViewController.swift */ = {isa = PBXFileReference; lastKnownFileType = sourcecode.swift; path = ProfileViewController.swift; sourceTree = "<group>"; };
		492C050623A1819F00442814 /* Base */ = {isa = PBXFileReference; lastKnownFileType = file.storyboard; name = Base; path = Base.lproj/Profile.storyboard; sourceTree = "<group>"; };
		492C050923A181A600442814 /* en */ = {isa = PBXFileReference; lastKnownFileType = text.plist.strings; name = en; path = en.lproj/Profile.strings; sourceTree = "<group>"; };
		492C050B23A181A700442814 /* pt-BR */ = {isa = PBXFileReference; lastKnownFileType = text.plist.strings; name = "pt-BR"; path = "pt-BR.lproj/Profile.strings"; sourceTree = "<group>"; };
		492C050D23A181A700442814 /* es */ = {isa = PBXFileReference; lastKnownFileType = text.plist.strings; name = es; path = es.lproj/Profile.strings; sourceTree = "<group>"; };
		492C051123A2904800442814 /* Base */ = {isa = PBXFileReference; lastKnownFileType = file.storyboard; name = Base; path = Base.lproj/OnBoarding.storyboard; sourceTree = "<group>"; };
		492C051423A2904900442814 /* en */ = {isa = PBXFileReference; lastKnownFileType = text.plist.strings; name = en; path = en.lproj/OnBoarding.strings; sourceTree = "<group>"; };
		492C051623A2904A00442814 /* pt-BR */ = {isa = PBXFileReference; lastKnownFileType = text.plist.strings; name = "pt-BR"; path = "pt-BR.lproj/OnBoarding.strings"; sourceTree = "<group>"; };
		492C051823A2904B00442814 /* es */ = {isa = PBXFileReference; lastKnownFileType = text.plist.strings; name = es; path = es.lproj/OnBoarding.strings; sourceTree = "<group>"; };
		492C051923A2907A00442814 /* OnBoardingViewController.swift */ = {isa = PBXFileReference; lastKnownFileType = sourcecode.swift; path = OnBoardingViewController.swift; sourceTree = "<group>"; };
		496C515A239893F2000EF74F /* EventManager.h */ = {isa = PBXFileReference; lastKnownFileType = sourcecode.c.h; path = EventManager.h; sourceTree = "<group>"; };
		496C515B239893F2000EF74F /* EventManager.m */ = {isa = PBXFileReference; lastKnownFileType = sourcecode.c.objc; path = EventManager.m; sourceTree = "<group>"; };
		49BC44C4239FD913007A85E2 /* MyMeetingsTableViewCell.swift */ = {isa = PBXFileReference; lastKnownFileType = sourcecode.swift; path = MyMeetingsTableViewCell.swift; sourceTree = "<group>"; };
		49CB4C46238D6C6500DFDAD4 /* CloudManager.swift */ = {isa = PBXFileReference; fileEncoding = 4; lastKnownFileType = sourcecode.swift; name = CloudManager.swift; path = MeetingiOS/CloudManager.swift; sourceTree = SOURCE_ROOT; };
		49EB44DE23871126002F434D /* MeetingiOS.app */ = {isa = PBXFileReference; explicitFileType = wrapper.application; includeInIndex = 0; path = MeetingiOS.app; sourceTree = BUILT_PRODUCTS_DIR; };
		49EB44E123871126002F434D /* AppDelegate.swift */ = {isa = PBXFileReference; lastKnownFileType = sourcecode.swift; path = AppDelegate.swift; sourceTree = "<group>"; };
		49EB44E323871126002F434D /* SceneDelegate.swift */ = {isa = PBXFileReference; lastKnownFileType = sourcecode.swift; path = SceneDelegate.swift; sourceTree = "<group>"; };
		49EB44E523871126002F434D /* LoginViewController.swift */ = {isa = PBXFileReference; lastKnownFileType = sourcecode.swift; path = LoginViewController.swift; sourceTree = "<group>"; };
		49EB44ED23871128002F434D /* Assets.xcassets */ = {isa = PBXFileReference; lastKnownFileType = folder.assetcatalog; path = Assets.xcassets; sourceTree = "<group>"; };
		49EB44F023871128002F434D /* Base */ = {isa = PBXFileReference; lastKnownFileType = file.storyboard; name = Base; path = Base.lproj/LaunchScreen.storyboard; sourceTree = "<group>"; };
		49EB44F223871128002F434D /* Info.plist */ = {isa = PBXFileReference; lastKnownFileType = text.plist.xml; path = Info.plist; sourceTree = "<group>"; };
		49F09A582399819500B7DFD3 /* en */ = {isa = PBXFileReference; lastKnownFileType = text.plist.strings; name = en; path = en.lproj/Localizable.strings; sourceTree = "<group>"; };
		49F09A5A2399821600B7DFD3 /* pt-BR */ = {isa = PBXFileReference; lastKnownFileType = text.plist.strings; name = "pt-BR"; path = "pt-BR.lproj/LaunchScreen.strings"; sourceTree = "<group>"; };
		49F09A5B2399821600B7DFD3 /* pt-BR */ = {isa = PBXFileReference; lastKnownFileType = text.plist.strings; name = "pt-BR"; path = "pt-BR.lproj/Localizable.strings"; sourceTree = "<group>"; };
		49F09A5C2399822600B7DFD3 /* es */ = {isa = PBXFileReference; lastKnownFileType = text.plist.strings; name = es; path = es.lproj/LaunchScreen.strings; sourceTree = "<group>"; };
		49F09A5D2399822600B7DFD3 /* es */ = {isa = PBXFileReference; lastKnownFileType = text.plist.strings; name = es; path = es.lproj/Localizable.strings; sourceTree = "<group>"; };
		49F09A622399825600B7DFD3 /* en */ = {isa = PBXFileReference; lastKnownFileType = text.plist.strings; name = en; path = en.lproj/LaunchScreen.strings; sourceTree = "<group>"; };
		49F09A642399825900B7DFD3 /* pt-BR */ = {isa = PBXFileReference; lastKnownFileType = text.plist.strings; name = "pt-BR"; path = "pt-BR.lproj/Main.strings"; sourceTree = "<group>"; };
		49F09A662399825A00B7DFD3 /* es */ = {isa = PBXFileReference; lastKnownFileType = text.plist.strings; name = es; path = es.lproj/Main.strings; sourceTree = "<group>"; };
		49F09A672399826800B7DFD3 /* Base */ = {isa = PBXFileReference; lastKnownFileType = file.storyboard; name = Base; path = Base.lproj/Main.storyboard; sourceTree = "<group>"; };
		49F09A6C2399827600B7DFD3 /* pt-BR */ = {isa = PBXFileReference; lastKnownFileType = text.plist.strings; name = "pt-BR"; path = "pt-BR.lproj/MyMeetings.strings"; sourceTree = "<group>"; };
		49F09A6E2399827700B7DFD3 /* es */ = {isa = PBXFileReference; lastKnownFileType = text.plist.strings; name = es; path = es.lproj/MyMeetings.strings; sourceTree = "<group>"; };
		49F09A6F2399827800B7DFD3 /* Base */ = {isa = PBXFileReference; lastKnownFileType = file.storyboard; name = Base; path = Base.lproj/MyMeetings.storyboard; sourceTree = "<group>"; };
		49F09A73239982AF00B7DFD3 /* Base */ = {isa = PBXFileReference; lastKnownFileType = file.storyboard; name = Base; path = Base.lproj/FinishedMeeting.storyboard; sourceTree = "<group>"; };
		49F09A75239982BB00B7DFD3 /* pt-BR */ = {isa = PBXFileReference; lastKnownFileType = text.plist.strings; name = "pt-BR"; path = "pt-BR.lproj/FinishedMeeting.strings"; sourceTree = "<group>"; };
		49F09A77239982BC00B7DFD3 /* es */ = {isa = PBXFileReference; lastKnownFileType = text.plist.strings; name = es; path = es.lproj/FinishedMeeting.strings; sourceTree = "<group>"; };
		49F09A7B239982CF00B7DFD3 /* Base */ = {isa = PBXFileReference; lastKnownFileType = file.storyboard; name = Base; path = Base.lproj/UnfinishedMeeting.storyboard; sourceTree = "<group>"; };
		49F09A7D239982D400B7DFD3 /* pt-BR */ = {isa = PBXFileReference; lastKnownFileType = text.plist.strings; name = "pt-BR"; path = "pt-BR.lproj/UnfinishedMeeting.strings"; sourceTree = "<group>"; };
		49F09A7F239982D500B7DFD3 /* es */ = {isa = PBXFileReference; lastKnownFileType = text.plist.strings; name = es; path = es.lproj/UnfinishedMeeting.strings; sourceTree = "<group>"; };
		49F09A83239982FF00B7DFD3 /* Base */ = {isa = PBXFileReference; lastKnownFileType = file.storyboard; name = Base; path = Base.lproj/Contact.storyboard; sourceTree = "<group>"; };
		49F09A852399830400B7DFD3 /* pt-BR */ = {isa = PBXFileReference; lastKnownFileType = text.plist.strings; name = "pt-BR"; path = "pt-BR.lproj/Contact.strings"; sourceTree = "<group>"; };
		49F09A872399830500B7DFD3 /* es */ = {isa = PBXFileReference; lastKnownFileType = text.plist.strings; name = es; path = es.lproj/Contact.strings; sourceTree = "<group>"; };
		49F09A8B2399831D00B7DFD3 /* Base */ = {isa = PBXFileReference; lastKnownFileType = file.storyboard; name = Base; path = Base.lproj/NewMeeting.storyboard; sourceTree = "<group>"; };
		49F09A8D2399832300B7DFD3 /* pt-BR */ = {isa = PBXFileReference; lastKnownFileType = text.plist.strings; name = "pt-BR"; path = "pt-BR.lproj/NewMeeting.strings"; sourceTree = "<group>"; };
		49F09A8F2399832500B7DFD3 /* es */ = {isa = PBXFileReference; lastKnownFileType = text.plist.strings; name = es; path = es.lproj/NewMeeting.strings; sourceTree = "<group>"; };
		49F09AB72399A14300B7DFD3 /* en */ = {isa = PBXFileReference; lastKnownFileType = text.plist.strings; name = en; path = en.lproj/Main.strings; sourceTree = "<group>"; };
		49F09AB92399A14A00B7DFD3 /* en */ = {isa = PBXFileReference; lastKnownFileType = text.plist.strings; name = en; path = en.lproj/MyMeetings.strings; sourceTree = "<group>"; };
		49F09ABB2399A16900B7DFD3 /* en */ = {isa = PBXFileReference; lastKnownFileType = text.plist.strings; name = en; path = en.lproj/FinishedMeeting.strings; sourceTree = "<group>"; };
		49F09ABD2399A16E00B7DFD3 /* en */ = {isa = PBXFileReference; lastKnownFileType = text.plist.strings; name = en; path = en.lproj/UnfinishedMeeting.strings; sourceTree = "<group>"; };
		49F09ABF2399A17100B7DFD3 /* en */ = {isa = PBXFileReference; lastKnownFileType = text.plist.strings; name = en; path = en.lproj/Contact.strings; sourceTree = "<group>"; };
		49F09AC12399A17400B7DFD3 /* en */ = {isa = PBXFileReference; lastKnownFileType = text.plist.strings; name = en; path = en.lproj/NewMeeting.strings; sourceTree = "<group>"; };
		49F09AC42399A18500B7DFD3 /* Base */ = {isa = PBXFileReference; lastKnownFileType = file.storyboard; name = Base; path = Base.lproj/SelectAColor.storyboard; sourceTree = "<group>"; };
		49F09AC62399A18700B7DFD3 /* pt-BR */ = {isa = PBXFileReference; lastKnownFileType = text.plist.strings; name = "pt-BR"; path = "pt-BR.lproj/SelectAColor.strings"; sourceTree = "<group>"; };
		49F09AC82399A18800B7DFD3 /* es */ = {isa = PBXFileReference; lastKnownFileType = text.plist.strings; name = es; path = es.lproj/SelectAColor.strings; sourceTree = "<group>"; };
		49F09ACA2399A1B100B7DFD3 /* en */ = {isa = PBXFileReference; lastKnownFileType = text.plist.strings; name = en; path = en.lproj/SelectAColor.strings; sourceTree = "<group>"; };
		A4284635239982BF0044C33E /* NewMeetingViewController+NameMeetingValidation.h */ = {isa = PBXFileReference; lastKnownFileType = sourcecode.c.h; path = "NewMeetingViewController+NameMeetingValidation.h"; sourceTree = "<group>"; };
		A4284636239982BF0044C33E /* NewMeetingViewController+NameMeetingValidation.m */ = {isa = PBXFileReference; lastKnownFileType = sourcecode.c.objc; path = "NewMeetingViewController+NameMeetingValidation.m"; sourceTree = "<group>"; };
		A45097AE238D95F4009AB71E /* MeetingBrowserPeer.swift */ = {isa = PBXFileReference; lastKnownFileType = sourcecode.swift; path = MeetingBrowserPeer.swift; sourceTree = "<group>"; };
		A4533FF4238C58020089257A /* MeetingiOS.entitlements */ = {isa = PBXFileReference; lastKnownFileType = text.plist.entitlements; path = MeetingiOS.entitlements; sourceTree = "<group>"; };
		A4533FF6238C58060089257A /* CloudKit.framework */ = {isa = PBXFileReference; lastKnownFileType = wrapper.framework; name = CloudKit.framework; path = System/Library/Frameworks/CloudKit.framework; sourceTree = SDKROOT; };
		A4533FF8238C67F00089257A /* Meeting.swift */ = {isa = PBXFileReference; lastKnownFileType = sourcecode.swift; path = Meeting.swift; sourceTree = "<group>"; };
		A49229E823A316ED00FD95B9 /* ContactCollectionViewCell.xib */ = {isa = PBXFileReference; lastKnownFileType = file.xib; path = ContactCollectionViewCell.xib; sourceTree = "<group>"; };
		A49229ED23A3323500FD95B9 /* ContactTableView.swift */ = {isa = PBXFileReference; lastKnownFileType = sourcecode.swift; path = ContactTableView.swift; sourceTree = "<group>"; };
		A4922A1023A728FB00FD95B9 /* SFProText-Medium.ttf */ = {isa = PBXFileReference; lastKnownFileType = file; path = "SFProText-Medium.ttf"; sourceTree = "<group>"; };
		A4922A1123A728FB00FD95B9 /* SFProText-Heavy.ttf */ = {isa = PBXFileReference; lastKnownFileType = file; path = "SFProText-Heavy.ttf"; sourceTree = "<group>"; };
		A4922A1223A728FB00FD95B9 /* SFProDisplay-Ultralight.ttf */ = {isa = PBXFileReference; lastKnownFileType = file; path = "SFProDisplay-Ultralight.ttf"; sourceTree = "<group>"; };
		A4922A1323A728FB00FD95B9 /* SFProText-Semibold.ttf */ = {isa = PBXFileReference; lastKnownFileType = file; path = "SFProText-Semibold.ttf"; sourceTree = "<group>"; };
		A4922A1423A728FB00FD95B9 /* SFProText-Regular.ttf */ = {isa = PBXFileReference; lastKnownFileType = file; path = "SFProText-Regular.ttf"; sourceTree = "<group>"; };
		A4922A1523A728FB00FD95B9 /* SFProDisplay-Medium.ttf */ = {isa = PBXFileReference; lastKnownFileType = file; path = "SFProDisplay-Medium.ttf"; sourceTree = "<group>"; };
		A4922A1623A728FB00FD95B9 /* SFProDisplay-Black.ttf */ = {isa = PBXFileReference; lastKnownFileType = file; path = "SFProDisplay-Black.ttf"; sourceTree = "<group>"; };
		A4922A1723A728FB00FD95B9 /* SFProText-Light.ttf */ = {isa = PBXFileReference; lastKnownFileType = file; path = "SFProText-Light.ttf"; sourceTree = "<group>"; };
		A4922A1823A728FB00FD95B9 /* SFProDisplay-Light.ttf */ = {isa = PBXFileReference; lastKnownFileType = file; path = "SFProDisplay-Light.ttf"; sourceTree = "<group>"; };
		A4922A1923A728FB00FD95B9 /* SFProDisplay-Regular.ttf */ = {isa = PBXFileReference; lastKnownFileType = file; path = "SFProDisplay-Regular.ttf"; sourceTree = "<group>"; };
		A4922A1A23A728FB00FD95B9 /* SFProDisplay-Bold.ttf */ = {isa = PBXFileReference; lastKnownFileType = file; path = "SFProDisplay-Bold.ttf"; sourceTree = "<group>"; };
		A4922A1B23A728FB00FD95B9 /* SFProText-Bold.ttf */ = {isa = PBXFileReference; lastKnownFileType = file; path = "SFProText-Bold.ttf"; sourceTree = "<group>"; };
		A4922A1C23A728FB00FD95B9 /* SFProDisplay-Semibold.ttf */ = {isa = PBXFileReference; lastKnownFileType = file; path = "SFProDisplay-Semibold.ttf"; sourceTree = "<group>"; };
		A4922A1D23A728FB00FD95B9 /* SFProDisplay-Heavy.ttf */ = {isa = PBXFileReference; lastKnownFileType = file; path = "SFProDisplay-Heavy.ttf"; sourceTree = "<group>"; };
		A4922A1E23A728FB00FD95B9 /* SFProDisplay-Thin.ttf */ = {isa = PBXFileReference; lastKnownFileType = file; path = "SFProDisplay-Thin.ttf"; sourceTree = "<group>"; };
		A4BAEB2B239DD16300800277 /* NewMeetingViewController+SettingPickers.h */ = {isa = PBXFileReference; lastKnownFileType = sourcecode.c.h; path = "NewMeetingViewController+SettingPickers.h"; sourceTree = "<group>"; };
		A4BAEB2C239DD16300800277 /* NewMeetingViewController+SettingPickers.m */ = {isa = PBXFileReference; lastKnownFileType = sourcecode.c.objc; path = "NewMeetingViewController+SettingPickers.m"; sourceTree = "<group>"; };
		A4C5BE8B23A2C105002BE4B9 /* ContactTableViewCell.swift */ = {isa = PBXFileReference; lastKnownFileType = sourcecode.swift; path = ContactTableViewCell.swift; sourceTree = "<group>"; };
		A4C5BE8C23A2C105002BE4B9 /* ContactTableViewCell.xib */ = {isa = PBXFileReference; lastKnownFileType = file.xib; path = ContactTableViewCell.xib; sourceTree = "<group>"; };
		A4C5BE9123A2E6B5002BE4B9 /* ContactCollectionViewCell.h */ = {isa = PBXFileReference; explicitFileType = sourcecode.c.objc; path = ContactCollectionViewCell.h; sourceTree = "<group>"; };
		A4C5BE9223A2E6B5002BE4B9 /* ContactCollectionViewCell.m */ = {isa = PBXFileReference; lastKnownFileType = sourcecode.c.objc; path = ContactCollectionViewCell.m; sourceTree = "<group>"; };
		A4EB3BE22395E3820097857F /* MeetingiOS-Bridging-Header.h */ = {isa = PBXFileReference; explicitFileType = sourcecode.c.objc; path = "MeetingiOS-Bridging-Header.h"; sourceTree = "<group>"; };
		A4EB3BE32395E3820097857F /* NewMeetingViewController.h */ = {isa = PBXFileReference; explicitFileType = sourcecode.c.objc; path = NewMeetingViewController.h; sourceTree = "<group>"; };
		A4EB3BE42395E3820097857F /* NewMeetingViewController.m */ = {isa = PBXFileReference; lastKnownFileType = sourcecode.c.objc; path = NewMeetingViewController.m; sourceTree = "<group>"; };
		A4EB3BE82396011F0097857F /* UIView+SetupBounds.h */ = {isa = PBXFileReference; lastKnownFileType = sourcecode.c.h; path = "UIView+SetupBounds.h"; sourceTree = "<group>"; };
		A4EB3BE92396011F0097857F /* UIView+SetupBounds.m */ = {isa = PBXFileReference; lastKnownFileType = sourcecode.c.objc; path = "UIView+SetupBounds.m"; sourceTree = "<group>"; };
		A4EB3BF22397400A0097857F /* ContactTableViewController.swift */ = {isa = PBXFileReference; lastKnownFileType = sourcecode.swift; path = ContactTableViewController.swift; sourceTree = "<group>"; };
		A4EB3BFB239747640097857F /* Contact.h */ = {isa = PBXFileReference; explicitFileType = sourcecode.c.objc; path = Contact.h; sourceTree = "<group>"; };
		A4EB3BFC239747640097857F /* Contact.m */ = {isa = PBXFileReference; lastKnownFileType = sourcecode.c.objc; path = Contact.m; sourceTree = "<group>"; };
		A4EB3C11239754D40097857F /* ContactCollectionView.h */ = {isa = PBXFileReference; explicitFileType = sourcecode.c.objc; path = ContactCollectionView.h; sourceTree = "<group>"; };
		A4EB3C12239754D40097857F /* ContactCollectionView.m */ = {isa = PBXFileReference; lastKnownFileType = sourcecode.c.objc; path = ContactCollectionView.m; sourceTree = "<group>"; };
		A4EB3C1A2397DF9A0097857F /* NSString+NewFeatures.h */ = {isa = PBXFileReference; lastKnownFileType = sourcecode.c.h; path = "NSString+NewFeatures.h"; sourceTree = "<group>"; };
		A4EB3C1B2397DF9A0097857F /* NSString+NewFeatures.m */ = {isa = PBXFileReference; lastKnownFileType = sourcecode.c.objc; path = "NSString+NewFeatures.m"; sourceTree = "<group>"; };
		A4EB3C1D2397EAF60097857F /* ContactManager.h */ = {isa = PBXFileReference; explicitFileType = sourcecode.c.objc; path = ContactManager.h; sourceTree = "<group>"; };
		A4EB3C1E2397EAF60097857F /* ContactManager.m */ = {isa = PBXFileReference; lastKnownFileType = sourcecode.c.objc; path = ContactManager.m; sourceTree = "<group>"; };
		E219ACC42397DED5002CF585 /* SelectColorViewController.swift */ = {isa = PBXFileReference; lastKnownFileType = sourcecode.swift; path = SelectColorViewController.swift; sourceTree = "<group>"; };
		E2637A7C239FDC3C006B732C /* ConclusionTableViewCell.h */ = {isa = PBXFileReference; lastKnownFileType = sourcecode.c.h; path = ConclusionTableViewCell.h; sourceTree = "<group>"; };
		E2637A7D239FDD13006B732C /* ConclusionTableViewCell.m */ = {isa = PBXFileReference; lastKnownFileType = sourcecode.c.objc; path = ConclusionTableViewCell.m; sourceTree = "<group>"; };
		E26A2BCC238D5BD700A956DE /* User.swift */ = {isa = PBXFileReference; lastKnownFileType = sourcecode.swift; path = User.swift; sourceTree = "<group>"; };
		E2827DA923997BC900055545 /* MeetingDelegate.h */ = {isa = PBXFileReference; lastKnownFileType = sourcecode.c.h; path = MeetingDelegate.h; sourceTree = "<group>"; };
/* End PBXFileReference section */

/* Begin PBXFrameworksBuildPhase section */
		49EB44DB23871126002F434D /* Frameworks */ = {
			isa = PBXFrameworksBuildPhase;
			buildActionMask = 2147483647;
			files = (
				A4533FF7238C58060089257A /* CloudKit.framework in Frameworks */,
			);
			runOnlyForDeploymentPostprocessing = 0;
		};
/* End PBXFrameworksBuildPhase section */

/* Begin PBXGroup section */
		235E7B84238DA93500B59855 /* ViewControllers */ = {
			isa = PBXGroup;
			children = (
				A4EB3BF22397400A0097857F /* ContactTableViewController.swift */,
				A4EB3BE32395E3820097857F /* NewMeetingViewController.h */,
				A4EB3BE42395E3820097857F /* NewMeetingViewController.m */,
				49EB44E523871126002F434D /* LoginViewController.swift */,
				235E7B85238DA95300B59855 /* UnfinishedMeetingViewController.swift */,
				239153232391883E00479BB6 /* FinishedMeetingViewController.swift */,
				2391532823919F2E00479BB6 /* ConclusionsViewController.swift */,
				231AE149239828170051051C /* MyMeetingsViewController.swift */,
				A4EB3BE22395E3820097857F /* MeetingiOS-Bridging-Header.h */,
				E219ACC42397DED5002CF585 /* SelectColorViewController.swift */,
				492C050323A1818500442814 /* ProfileViewController.swift */,
				492C051923A2907A00442814 /* OnBoardingViewController.swift */,
			);
			path = ViewControllers;
			sourceTree = "<group>";
		};
		2391532523918E2400479BB6 /* TableViewCells */ = {
			isa = PBXGroup;
			children = (
				A4C5BE8B23A2C105002BE4B9 /* ContactTableViewCell.swift */,
				A4C5BE8C23A2C105002BE4B9 /* ContactTableViewCell.xib */,
				49BC44C4239FD913007A85E2 /* MyMeetingsTableViewCell.swift */,
				23E7E12C2397D46900B99A09 /* UnfinishedTopicsTableViewCell.h */,
				23E7E12D2397D46900B99A09 /* UnfinishedTopicsTableViewCell.m */,
				23E7E12F2397D5FE00B99A09 /* FinishedTopicsTableViewCell.h */,
				23E7E1302397D5FE00B99A09 /* FinishedTopicsTableViewCell.m */,
				E2637A7C239FDC3C006B732C /* ConclusionTableViewCell.h */,
				E2637A7D239FDD13006B732C /* ConclusionTableViewCell.m */,
			);
			path = TableViewCells;
			sourceTree = "<group>";
		};
		49EB44D523871126002F434D = {
			isa = PBXGroup;
			children = (
				49EB44E023871126002F434D /* MeetingiOS */,
				49EB44DF23871126002F434D /* Products */,
				A4533FF5238C58060089257A /* Frameworks */,
			);
			sourceTree = "<group>";
		};
		49EB44DF23871126002F434D /* Products */ = {
			isa = PBXGroup;
			children = (
				49EB44DE23871126002F434D /* MeetingiOS.app */,
			);
			name = Products;
			sourceTree = "<group>";
		};
		49EB44E023871126002F434D /* MeetingiOS */ = {
			isa = PBXGroup;
			children = (
				A4922A0F23A728FB00FD95B9 /* San Francisco Font */,
				A4533FF4238C58020089257A /* MeetingiOS.entitlements */,
				49EB44F223871128002F434D /* Info.plist */,
				49EB44E123871126002F434D /* AppDelegate.swift */,
				49EB44E323871126002F434D /* SceneDelegate.swift */,
				49F09A592399819500B7DFD3 /* Localizable.strings */,
				49EB44ED23871128002F434D /* Assets.xcassets */,
				49EB44EF23871128002F434D /* LaunchScreen.storyboard */,
				A4EB3BEB239607CB0097857F /* Categories - ObjC */,
				A4533FFA238C67F50089257A /* CloudKit */,
				A4EB3C0F2397522A0097857F /* CollectionViewCells */,
				A45097B0238D95F9009AB71E /* Multipeer Connectivity */,
				A4EB3BE12395E1700097857F /* Storyboards */,
				2391532523918E2400479BB6 /* TableViewCells */,
				235E7B84238DA93500B59855 /* ViewControllers */,
				A4EB3BFA239747000097857F /* Utils */,
			);
			path = MeetingiOS;
			sourceTree = "<group>";
		};
		A45097B0238D95F9009AB71E /* Multipeer Connectivity */ = {
			isa = PBXGroup;
			children = (
				A45097AE238D95F4009AB71E /* MeetingBrowserPeer.swift */,
			);
			path = "Multipeer Connectivity";
			sourceTree = "<group>";
		};
		A4533FF5238C58060089257A /* Frameworks */ = {
			isa = PBXGroup;
			children = (
				A4533FF6238C58060089257A /* CloudKit.framework */,
			);
			name = Frameworks;
			sourceTree = "<group>";
		};
		A4533FFA238C67F50089257A /* CloudKit */ = {
			isa = PBXGroup;
			children = (
				49CB4C46238D6C6500DFDAD4 /* CloudManager.swift */,
				A4533FF8238C67F00089257A /* Meeting.swift */,
				235E7B82238D9CA900B59855 /* Topic.swift */,
				E26A2BCC238D5BD700A956DE /* User.swift */,
			);
			path = CloudKit;
			sourceTree = "<group>";
		};
		A4922A0F23A728FB00FD95B9 /* San Francisco Font */ = {
			isa = PBXGroup;
			children = (
				A4922A1023A728FB00FD95B9 /* SFProText-Medium.ttf */,
				A4922A1123A728FB00FD95B9 /* SFProText-Heavy.ttf */,
				A4922A1223A728FB00FD95B9 /* SFProDisplay-Ultralight.ttf */,
				A4922A1323A728FB00FD95B9 /* SFProText-Semibold.ttf */,
				A4922A1423A728FB00FD95B9 /* SFProText-Regular.ttf */,
				A4922A1523A728FB00FD95B9 /* SFProDisplay-Medium.ttf */,
				A4922A1623A728FB00FD95B9 /* SFProDisplay-Black.ttf */,
				A4922A1723A728FB00FD95B9 /* SFProText-Light.ttf */,
				A4922A1823A728FB00FD95B9 /* SFProDisplay-Light.ttf */,
				A4922A1923A728FB00FD95B9 /* SFProDisplay-Regular.ttf */,
				A4922A1A23A728FB00FD95B9 /* SFProDisplay-Bold.ttf */,
				A4922A1B23A728FB00FD95B9 /* SFProText-Bold.ttf */,
				A4922A1C23A728FB00FD95B9 /* SFProDisplay-Semibold.ttf */,
				A4922A1D23A728FB00FD95B9 /* SFProDisplay-Heavy.ttf */,
				A4922A1E23A728FB00FD95B9 /* SFProDisplay-Thin.ttf */,
			);
			path = "San Francisco Font";
			sourceTree = "<group>";
		};
		A4EB3BE12395E1700097857F /* Storyboards */ = {
			isa = PBXGroup;
			children = (
				49F09A602399824500B7DFD3 /* Main.storyboard */,
				49F09A6A2399827100B7DFD3 /* MyMeetings.storyboard */,
				49F09A72239982A600B7DFD3 /* FinishedMeeting.storyboard */,
				49F09A7A239982C600B7DFD3 /* UnfinishedMeeting.storyboard */,
				49F09A82239982FA00B7DFD3 /* Contact.storyboard */,
				49F09A8A2399831800B7DFD3 /* NewMeeting.storyboard */,
				49F09AC32399A18000B7DFD3 /* SelectAColor.storyboard */,
				492C050723A1819F00442814 /* Profile.storyboard */,
				492C051223A2904800442814 /* OnBoarding.storyboard */,
			);
			path = Storyboards;
			sourceTree = "<group>";
		};
		A4EB3BEB239607CB0097857F /* Categories - ObjC */ = {
			isa = PBXGroup;
			children = (
				A4BAEB2B239DD16300800277 /* NewMeetingViewController+SettingPickers.h */,
				A4BAEB2C239DD16300800277 /* NewMeetingViewController+SettingPickers.m */,
				A4284635239982BF0044C33E /* NewMeetingViewController+NameMeetingValidation.h */,
				A4284636239982BF0044C33E /* NewMeetingViewController+NameMeetingValidation.m */,
				A4EB3C1A2397DF9A0097857F /* NSString+NewFeatures.h */,
				A4EB3C1B2397DF9A0097857F /* NSString+NewFeatures.m */,
				A4EB3BE82396011F0097857F /* UIView+SetupBounds.h */,
				A4EB3BE92396011F0097857F /* UIView+SetupBounds.m */,
			);
			path = "Categories - ObjC";
			sourceTree = "<group>";
		};
		A4EB3BFA239747000097857F /* Utils */ = {
			isa = PBXGroup;
			children = (
				A49229ED23A3323500FD95B9 /* ContactTableView.swift */,
				496C515A239893F2000EF74F /* EventManager.h */,
				496C515B239893F2000EF74F /* EventManager.m */,
				A4EB3C1D2397EAF60097857F /* ContactManager.h */,
				A4EB3C1E2397EAF60097857F /* ContactManager.m */,
				A4EB3C11239754D40097857F /* ContactCollectionView.h */,
				A4EB3C12239754D40097857F /* ContactCollectionView.m */,
				A4EB3BFB239747640097857F /* Contact.h */,
				A4EB3BFC239747640097857F /* Contact.m */,
				E2827DA923997BC900055545 /* MeetingDelegate.h */,
				492C04FF23A1587C00442814 /* ViewController+SearchController.swift */,
			);
			path = Utils;
			sourceTree = "<group>";
		};
		A4EB3C0F2397522A0097857F /* CollectionViewCells */ = {
			isa = PBXGroup;
			children = (
				A49229E823A316ED00FD95B9 /* ContactCollectionViewCell.xib */,
				A4C5BE9123A2E6B5002BE4B9 /* ContactCollectionViewCell.h */,
				A4C5BE9223A2E6B5002BE4B9 /* ContactCollectionViewCell.m */,
			);
			path = CollectionViewCells;
			sourceTree = "<group>";
		};
/* End PBXGroup section */

/* Begin PBXNativeTarget section */
		49EB44DD23871126002F434D /* MeetingiOS */ = {
			isa = PBXNativeTarget;
			buildConfigurationList = 49EB44F523871128002F434D /* Build configuration list for PBXNativeTarget "MeetingiOS" */;
			buildPhases = (
				49EB44DA23871126002F434D /* Sources */,
				49EB44DB23871126002F434D /* Frameworks */,
				49EB44DC23871126002F434D /* Resources */,
			);
			buildRules = (
			);
			dependencies = (
			);
			name = MeetingiOS;
			productName = MeetingiOS;
			productReference = 49EB44DE23871126002F434D /* MeetingiOS.app */;
			productType = "com.apple.product-type.application";
		};
/* End PBXNativeTarget section */

/* Begin PBXProject section */
		49EB44D623871126002F434D /* Project object */ = {
			isa = PBXProject;
			attributes = {
				LastSwiftUpdateCheck = 1120;
				LastUpgradeCheck = 1120;
				ORGANIZATIONNAME = "Bernardo Nunes";
				TargetAttributes = {
					49EB44DD23871126002F434D = {
						CreatedOnToolsVersion = 11.2.1;
						LastSwiftMigration = 1120;
					};
				};
			};
			buildConfigurationList = 49EB44D923871126002F434D /* Build configuration list for PBXProject "MeetingiOS" */;
			compatibilityVersion = "Xcode 9.3";
			developmentRegion = en;
			hasScannedForEncodings = 0;
			knownRegions = (
				en,
				Base,
				"pt-BR",
				es,
			);
			mainGroup = 49EB44D523871126002F434D;
			productRefGroup = 49EB44DF23871126002F434D /* Products */;
			projectDirPath = "";
			projectRoot = "";
			targets = (
				49EB44DD23871126002F434D /* MeetingiOS */,
			);
		};
/* End PBXProject section */

/* Begin PBXResourcesBuildPhase section */
		49EB44DC23871126002F434D /* Resources */ = {
			isa = PBXResourcesBuildPhase;
			buildActionMask = 2147483647;
			files = (
				A4C5BE8E23A2C105002BE4B9 /* ContactTableViewCell.xib in Resources */,
				A4922A2723A728FB00FD95B9 /* SFProDisplay-Light.ttf in Resources */,
				A4922A2A23A728FB00FD95B9 /* SFProText-Bold.ttf in Resources */,
				A4922A2B23A728FB00FD95B9 /* SFProDisplay-Semibold.ttf in Resources */,
				A4922A1F23A728FB00FD95B9 /* SFProText-Medium.ttf in Resources */,
				492C051023A2904800442814 /* OnBoarding.storyboard in Resources */,
				A4922A2423A728FB00FD95B9 /* SFProDisplay-Medium.ttf in Resources */,
				A4922A2523A728FB00FD95B9 /* SFProDisplay-Black.ttf in Resources */,
				49F09AB52399A0BA00B7DFD3 /* Main.storyboard in Resources */,
				A4922A2D23A728FB00FD95B9 /* SFProDisplay-Thin.ttf in Resources */,
				A4922A2123A728FB00FD95B9 /* SFProDisplay-Ultralight.ttf in Resources */,
				A4922A2023A728FB00FD95B9 /* SFProText-Heavy.ttf in Resources */,
				49F09ACD2399A1C100B7DFD3 /* UnfinishedMeeting.storyboard in Resources */,
				A4922A2323A728FB00FD95B9 /* SFProText-Regular.ttf in Resources */,
				492C050523A1819F00442814 /* Profile.storyboard in Resources */,
				49F09AD02399A1CB00B7DFD3 /* SelectAColor.storyboard in Resources */,
				A4922A2223A728FB00FD95B9 /* SFProText-Semibold.ttf in Resources */,
				A4922A2C23A728FB00FD95B9 /* SFProDisplay-Heavy.ttf in Resources */,
				A49229EA23A316ED00FD95B9 /* ContactCollectionViewCell.xib in Resources */,
				A4922A2923A728FB00FD95B9 /* SFProDisplay-Bold.ttf in Resources */,
				49EB44F123871128002F434D /* LaunchScreen.storyboard in Resources */,
				49F09ACB2399A1BA00B7DFD3 /* MyMeetings.storyboard in Resources */,
				49EB44EE23871128002F434D /* Assets.xcassets in Resources */,
				49F09ACC2399A1BE00B7DFD3 /* FinishedMeeting.storyboard in Resources */,
				A4922A2823A728FB00FD95B9 /* SFProDisplay-Regular.ttf in Resources */,
				A4922A2623A728FB00FD95B9 /* SFProText-Light.ttf in Resources */,
				49F09ACE2399A1C400B7DFD3 /* Contact.storyboard in Resources */,
				49F09ACF2399A1C700B7DFD3 /* NewMeeting.storyboard in Resources */,
			);
			runOnlyForDeploymentPostprocessing = 0;
		};
/* End PBXResourcesBuildPhase section */

/* Begin PBXSourcesBuildPhase section */
		49EB44DA23871126002F434D /* Sources */ = {
			isa = PBXSourcesBuildPhase;
			buildActionMask = 2147483647;
			files = (
				A4533FF9238C67F00089257A /* Meeting.swift in Sources */,
				49EB44E623871126002F434D /* LoginViewController.swift in Sources */,
				235E7B86238DA95300B59855 /* UnfinishedMeetingViewController.swift in Sources */,
				492C050023A1587C00442814 /* ViewController+SearchController.swift in Sources */,
				A4284634239976C60044C33E /* NewMeetingViewController.h in Sources */,
				A4BAEB2E239F124100800277 /* ContactTableViewController.swift in Sources */,
				496C515C239893F2000EF74F /* EventManager.m in Sources */,
				235E7B86238DA95300B59855 /* UnfinishedMeetingViewController.swift in Sources */,
				A4EB3C232398555D0097857F /* ContactCollectionView.h in Sources */,
				A49229EE23A3323500FD95B9 /* ContactTableView.swift in Sources */,
				2391532923919F2E00479BB6 /* ConclusionsViewController.swift in Sources */,
				A4EB3C24239855640097857F /* ContactManager.h in Sources */,
				239153242391883E00479BB6 /* FinishedMeetingViewController.swift in Sources */,
				A4C5BE9623A30025002BE4B9 /* ContactCollectionViewCell.h in Sources */,
				A4EB3BE52395E3820097857F /* NewMeetingViewController.m in Sources */,
				A4EB3C1F2397EAF60097857F /* ContactManager.m in Sources */,
				E219ACC52397DED5002CF585 /* SelectColorViewController.swift in Sources */,
				E26A2BCD238D5BD700A956DE /* User.swift in Sources */,
				492C051A23A2907A00442814 /* OnBoardingViewController.swift in Sources */,
				A4284637239982BF0044C33E /* NewMeetingViewController+NameMeetingValidation.m in Sources */,
				A4C5BE9423A2E6B5002BE4B9 /* ContactCollectionViewCell.m in Sources */,
				A4EB3C1C2397DF9A0097857F /* NSString+NewFeatures.m in Sources */,
				49BC44C5239FD913007A85E2 /* MyMeetingsTableViewCell.swift in Sources */,
				49EB44E623871126002F434D /* LoginViewController.swift in Sources */,
				23E7E1312397D5FE00B99A09 /* FinishedTopicsTableViewCell.m in Sources */,
				A4EB3C22239854A00097857F /* MeetingiOS-Bridging-Header.h in Sources */,
				E2637A7E239FDD13006B732C /* ConclusionTableViewCell.m in Sources */,
				49CB4C47238D6C6500DFDAD4 /* CloudManager.swift in Sources */,
				A45097AF238D95F4009AB71E /* MeetingBrowserPeer.swift in Sources */,
				A4EB3C202397F0990097857F /* Contact.h in Sources */,
				23E7E12E2397D46900B99A09 /* UnfinishedTopicsTableViewCell.m in Sources */,
				49EB44E223871126002F434D /* AppDelegate.swift in Sources */,
				A4EB3C13239754D40097857F /* ContactCollectionView.m in Sources */,
				49EB44E423871126002F434D /* SceneDelegate.swift in Sources */,
				231AE14A239828170051051C /* MyMeetingsViewController.swift in Sources */,
				A4BAEB2D239DD16300800277 /* NewMeetingViewController+SettingPickers.m in Sources */,
				A4C5BE8D23A2C105002BE4B9 /* ContactTableViewCell.swift in Sources */,
				235E7B83238D9CA900B59855 /* Topic.swift in Sources */,
				492C050423A1818500442814 /* ProfileViewController.swift in Sources */,
				A4EB3BFD239747640097857F /* Contact.m in Sources */,
				A4EB3BEA2396011F0097857F /* UIView+SetupBounds.m in Sources */,
			);
			runOnlyForDeploymentPostprocessing = 0;
		};
/* End PBXSourcesBuildPhase section */

/* Begin PBXVariantGroup section */
		492C050723A1819F00442814 /* Profile.storyboard */ = {
			isa = PBXVariantGroup;
			children = (
				492C050623A1819F00442814 /* Base */,
				492C050923A181A600442814 /* en */,
				492C050B23A181A700442814 /* pt-BR */,
				492C050D23A181A700442814 /* es */,
			);
			name = Profile.storyboard;
			sourceTree = "<group>";
		};
		492C051223A2904800442814 /* OnBoarding.storyboard */ = {
			isa = PBXVariantGroup;
			children = (
				492C051123A2904800442814 /* Base */,
				492C051423A2904900442814 /* en */,
				492C051623A2904A00442814 /* pt-BR */,
				492C051823A2904B00442814 /* es */,
			);
			name = OnBoarding.storyboard;
			sourceTree = "<group>";
		};
		49EB44EF23871128002F434D /* LaunchScreen.storyboard */ = {
			isa = PBXVariantGroup;
			children = (
				49EB44F023871128002F434D /* Base */,
				49F09A5A2399821600B7DFD3 /* pt-BR */,
				49F09A5C2399822600B7DFD3 /* es */,
				49F09A622399825600B7DFD3 /* en */,
			);
			name = LaunchScreen.storyboard;
			sourceTree = "<group>";
		};
		49F09A592399819500B7DFD3 /* Localizable.strings */ = {
			isa = PBXVariantGroup;
			children = (
				49F09A582399819500B7DFD3 /* en */,
				49F09A5B2399821600B7DFD3 /* pt-BR */,
				49F09A5D2399822600B7DFD3 /* es */,
			);
			name = Localizable.strings;
			sourceTree = "<group>";
		};
		49F09A602399824500B7DFD3 /* Main.storyboard */ = {
			isa = PBXVariantGroup;
			children = (
				49F09A642399825900B7DFD3 /* pt-BR */,
				49F09A662399825A00B7DFD3 /* es */,
				49F09A672399826800B7DFD3 /* Base */,
				49F09AB72399A14300B7DFD3 /* en */,
			);
			name = Main.storyboard;
			sourceTree = "<group>";
		};
		49F09A6A2399827100B7DFD3 /* MyMeetings.storyboard */ = {
			isa = PBXVariantGroup;
			children = (
				49F09A6C2399827600B7DFD3 /* pt-BR */,
				49F09A6E2399827700B7DFD3 /* es */,
				49F09A6F2399827800B7DFD3 /* Base */,
				49F09AB92399A14A00B7DFD3 /* en */,
			);
			name = MyMeetings.storyboard;
			sourceTree = "<group>";
		};
		49F09A72239982A600B7DFD3 /* FinishedMeeting.storyboard */ = {
			isa = PBXVariantGroup;
			children = (
				49F09A73239982AF00B7DFD3 /* Base */,
				49F09A75239982BB00B7DFD3 /* pt-BR */,
				49F09A77239982BC00B7DFD3 /* es */,
				49F09ABB2399A16900B7DFD3 /* en */,
			);
			name = FinishedMeeting.storyboard;
			sourceTree = "<group>";
		};
		49F09A7A239982C600B7DFD3 /* UnfinishedMeeting.storyboard */ = {
			isa = PBXVariantGroup;
			children = (
				49F09A7B239982CF00B7DFD3 /* Base */,
				49F09A7D239982D400B7DFD3 /* pt-BR */,
				49F09A7F239982D500B7DFD3 /* es */,
				49F09ABD2399A16E00B7DFD3 /* en */,
			);
			name = UnfinishedMeeting.storyboard;
			sourceTree = "<group>";
		};
		49F09A82239982FA00B7DFD3 /* Contact.storyboard */ = {
			isa = PBXVariantGroup;
			children = (
				49F09A83239982FF00B7DFD3 /* Base */,
				49F09A852399830400B7DFD3 /* pt-BR */,
				49F09A872399830500B7DFD3 /* es */,
				49F09ABF2399A17100B7DFD3 /* en */,
			);
			name = Contact.storyboard;
			sourceTree = "<group>";
		};
		49F09A8A2399831800B7DFD3 /* NewMeeting.storyboard */ = {
			isa = PBXVariantGroup;
			children = (
				49F09A8B2399831D00B7DFD3 /* Base */,
				49F09A8D2399832300B7DFD3 /* pt-BR */,
				49F09A8F2399832500B7DFD3 /* es */,
				49F09AC12399A17400B7DFD3 /* en */,
			);
			name = NewMeeting.storyboard;
			sourceTree = "<group>";
		};
		49F09AC32399A18000B7DFD3 /* SelectAColor.storyboard */ = {
			isa = PBXVariantGroup;
			children = (
				49F09AC42399A18500B7DFD3 /* Base */,
				49F09AC62399A18700B7DFD3 /* pt-BR */,
				49F09AC82399A18800B7DFD3 /* es */,
				49F09ACA2399A1B100B7DFD3 /* en */,
			);
			name = SelectAColor.storyboard;
			sourceTree = "<group>";
		};
/* End PBXVariantGroup section */

/* Begin XCBuildConfiguration section */
		49EB44F323871128002F434D /* Debug */ = {
			isa = XCBuildConfiguration;
			buildSettings = {
				ALWAYS_SEARCH_USER_PATHS = NO;
				CLANG_ANALYZER_LOCALIZABILITY_NONLOCALIZED = YES;
				CLANG_ANALYZER_NONNULL = YES;
				CLANG_ANALYZER_NUMBER_OBJECT_CONVERSION = YES_AGGRESSIVE;
				CLANG_CXX_LANGUAGE_STANDARD = "gnu++14";
				CLANG_CXX_LIBRARY = "libc++";
				CLANG_ENABLE_MODULES = YES;
				CLANG_ENABLE_OBJC_ARC = YES;
				CLANG_ENABLE_OBJC_WEAK = YES;
				CLANG_WARN_BLOCK_CAPTURE_AUTORELEASING = YES;
				CLANG_WARN_BOOL_CONVERSION = YES;
				CLANG_WARN_COMMA = YES;
				CLANG_WARN_CONSTANT_CONVERSION = YES;
				CLANG_WARN_DEPRECATED_OBJC_IMPLEMENTATIONS = YES;
				CLANG_WARN_DIRECT_OBJC_ISA_USAGE = YES_ERROR;
				CLANG_WARN_DOCUMENTATION_COMMENTS = YES;
				CLANG_WARN_EMPTY_BODY = YES;
				CLANG_WARN_ENUM_CONVERSION = YES;
				CLANG_WARN_INFINITE_RECURSION = YES;
				CLANG_WARN_INT_CONVERSION = YES;
				CLANG_WARN_NON_LITERAL_NULL_CONVERSION = YES;
				CLANG_WARN_OBJC_IMPLICIT_RETAIN_SELF = YES;
				CLANG_WARN_OBJC_LITERAL_CONVERSION = YES;
				CLANG_WARN_OBJC_ROOT_CLASS = YES_ERROR;
				CLANG_WARN_RANGE_LOOP_ANALYSIS = YES;
				CLANG_WARN_STRICT_PROTOTYPES = YES;
				CLANG_WARN_SUSPICIOUS_MOVE = YES;
				CLANG_WARN_UNGUARDED_AVAILABILITY = YES_AGGRESSIVE;
				CLANG_WARN_UNREACHABLE_CODE = YES;
				CLANG_WARN__DUPLICATE_METHOD_MATCH = YES;
				COPY_PHASE_STRIP = NO;
				DEBUG_INFORMATION_FORMAT = dwarf;
				ENABLE_STRICT_OBJC_MSGSEND = YES;
				ENABLE_TESTABILITY = YES;
				GCC_C_LANGUAGE_STANDARD = gnu11;
				GCC_DYNAMIC_NO_PIC = NO;
				GCC_NO_COMMON_BLOCKS = YES;
				GCC_OPTIMIZATION_LEVEL = 0;
				GCC_PREPROCESSOR_DEFINITIONS = (
					"DEBUG=1",
					"$(inherited)",
				);
				GCC_WARN_64_TO_32_BIT_CONVERSION = YES;
				GCC_WARN_ABOUT_RETURN_TYPE = YES_ERROR;
				GCC_WARN_UNDECLARED_SELECTOR = YES;
				GCC_WARN_UNINITIALIZED_AUTOS = YES_AGGRESSIVE;
				GCC_WARN_UNUSED_FUNCTION = YES;
				GCC_WARN_UNUSED_VARIABLE = YES;
				IPHONEOS_DEPLOYMENT_TARGET = 13.2;
				MTL_ENABLE_DEBUG_INFO = INCLUDE_SOURCE;
				MTL_FAST_MATH = YES;
				ONLY_ACTIVE_ARCH = YES;
				SDKROOT = iphoneos;
				SWIFT_ACTIVE_COMPILATION_CONDITIONS = DEBUG;
				SWIFT_OPTIMIZATION_LEVEL = "-Onone";
			};
			name = Debug;
		};
		49EB44F423871128002F434D /* Release */ = {
			isa = XCBuildConfiguration;
			buildSettings = {
				ALWAYS_SEARCH_USER_PATHS = NO;
				CLANG_ANALYZER_LOCALIZABILITY_NONLOCALIZED = YES;
				CLANG_ANALYZER_NONNULL = YES;
				CLANG_ANALYZER_NUMBER_OBJECT_CONVERSION = YES_AGGRESSIVE;
				CLANG_CXX_LANGUAGE_STANDARD = "gnu++14";
				CLANG_CXX_LIBRARY = "libc++";
				CLANG_ENABLE_MODULES = YES;
				CLANG_ENABLE_OBJC_ARC = YES;
				CLANG_ENABLE_OBJC_WEAK = YES;
				CLANG_WARN_BLOCK_CAPTURE_AUTORELEASING = YES;
				CLANG_WARN_BOOL_CONVERSION = YES;
				CLANG_WARN_COMMA = YES;
				CLANG_WARN_CONSTANT_CONVERSION = YES;
				CLANG_WARN_DEPRECATED_OBJC_IMPLEMENTATIONS = YES;
				CLANG_WARN_DIRECT_OBJC_ISA_USAGE = YES_ERROR;
				CLANG_WARN_DOCUMENTATION_COMMENTS = YES;
				CLANG_WARN_EMPTY_BODY = YES;
				CLANG_WARN_ENUM_CONVERSION = YES;
				CLANG_WARN_INFINITE_RECURSION = YES;
				CLANG_WARN_INT_CONVERSION = YES;
				CLANG_WARN_NON_LITERAL_NULL_CONVERSION = YES;
				CLANG_WARN_OBJC_IMPLICIT_RETAIN_SELF = YES;
				CLANG_WARN_OBJC_LITERAL_CONVERSION = YES;
				CLANG_WARN_OBJC_ROOT_CLASS = YES_ERROR;
				CLANG_WARN_RANGE_LOOP_ANALYSIS = YES;
				CLANG_WARN_STRICT_PROTOTYPES = YES;
				CLANG_WARN_SUSPICIOUS_MOVE = YES;
				CLANG_WARN_UNGUARDED_AVAILABILITY = YES_AGGRESSIVE;
				CLANG_WARN_UNREACHABLE_CODE = YES;
				CLANG_WARN__DUPLICATE_METHOD_MATCH = YES;
				COPY_PHASE_STRIP = NO;
				DEBUG_INFORMATION_FORMAT = "dwarf-with-dsym";
				ENABLE_NS_ASSERTIONS = NO;
				ENABLE_STRICT_OBJC_MSGSEND = YES;
				GCC_C_LANGUAGE_STANDARD = gnu11;
				GCC_NO_COMMON_BLOCKS = YES;
				GCC_WARN_64_TO_32_BIT_CONVERSION = YES;
				GCC_WARN_ABOUT_RETURN_TYPE = YES_ERROR;
				GCC_WARN_UNDECLARED_SELECTOR = YES;
				GCC_WARN_UNINITIALIZED_AUTOS = YES_AGGRESSIVE;
				GCC_WARN_UNUSED_FUNCTION = YES;
				GCC_WARN_UNUSED_VARIABLE = YES;
				IPHONEOS_DEPLOYMENT_TARGET = 13.2;
				MTL_ENABLE_DEBUG_INFO = NO;
				MTL_FAST_MATH = YES;
				SDKROOT = iphoneos;
				SWIFT_COMPILATION_MODE = wholemodule;
				SWIFT_OPTIMIZATION_LEVEL = "-O";
				VALIDATE_PRODUCT = YES;
			};
			name = Release;
		};
		49EB44F623871128002F434D /* Debug */ = {
			isa = XCBuildConfiguration;
			buildSettings = {
				ASSETCATALOG_COMPILER_APPICON_NAME = AppIcon;
				CLANG_ENABLE_MODULES = YES;
				CODE_SIGN_ENTITLEMENTS = MeetingiOS/MeetingiOS.entitlements;
				CODE_SIGN_STYLE = Automatic;
				DEFINES_MODULE = YES;
				DEVELOPMENT_TEAM = 3H798M6N3T;
				INFOPLIST_FILE = MeetingiOS/Info.plist;
				IPHONEOS_DEPLOYMENT_TARGET = 13.0;
				LD_RUNPATH_SEARCH_PATHS = (
					"$(inherited)",
					"@executable_path/Frameworks",
				);
				PRODUCT_BUNDLE_IDENTIFIER = com.QuartetoFantastico.Meeting.iOS;
				PRODUCT_NAME = "$(TARGET_NAME)";
				SWIFT_OBJC_BRIDGING_HEADER = "MeetingiOS/ViewControllers/MeetingiOS-Bridging-Header.h";
				SWIFT_OPTIMIZATION_LEVEL = "-Onone";
				SWIFT_VERSION = 5.0;
				TARGETED_DEVICE_FAMILY = "1,2";
			};
			name = Debug;
		};
		49EB44F723871128002F434D /* Release */ = {
			isa = XCBuildConfiguration;
			buildSettings = {
				ASSETCATALOG_COMPILER_APPICON_NAME = AppIcon;
				CLANG_ENABLE_MODULES = YES;
				CODE_SIGN_ENTITLEMENTS = MeetingiOS/MeetingiOS.entitlements;
				CODE_SIGN_STYLE = Automatic;
				DEFINES_MODULE = YES;
				DEVELOPMENT_TEAM = 3H798M6N3T;
				INFOPLIST_FILE = MeetingiOS/Info.plist;
				IPHONEOS_DEPLOYMENT_TARGET = 13.0;
				LD_RUNPATH_SEARCH_PATHS = (
					"$(inherited)",
					"@executable_path/Frameworks",
				);
				PRODUCT_BUNDLE_IDENTIFIER = com.QuartetoFantastico.Meeting.iOS;
				PRODUCT_NAME = "$(TARGET_NAME)";
				SWIFT_OBJC_BRIDGING_HEADER = "MeetingiOS/ViewControllers/MeetingiOS-Bridging-Header.h";
				SWIFT_VERSION = 5.0;
				TARGETED_DEVICE_FAMILY = "1,2";
			};
			name = Release;
		};
/* End XCBuildConfiguration section */

/* Begin XCConfigurationList section */
		49EB44D923871126002F434D /* Build configuration list for PBXProject "MeetingiOS" */ = {
			isa = XCConfigurationList;
			buildConfigurations = (
				49EB44F323871128002F434D /* Debug */,
				49EB44F423871128002F434D /* Release */,
			);
			defaultConfigurationIsVisible = 0;
			defaultConfigurationName = Release;
		};
		49EB44F523871128002F434D /* Build configuration list for PBXNativeTarget "MeetingiOS" */ = {
			isa = XCConfigurationList;
			buildConfigurations = (
				49EB44F623871128002F434D /* Debug */,
				49EB44F723871128002F434D /* Release */,
			);
			defaultConfigurationIsVisible = 0;
			defaultConfigurationName = Release;
		};
/* End XCConfigurationList section */
	};
	rootObject = 49EB44D623871126002F434D /* Project object */;
}
