// !$*UTF8*$!
{
	archiveVersion = 1;
	classes = {
	};
	objectVersion = 50;
	objects = {

/* Begin PBXBuildFile section */
		231AE14A239828170051051C /* MyMeetingsViewController.swift in Sources */ = {isa = PBXBuildFile; fileRef = 231AE149239828170051051C /* MyMeetingsViewController.swift */; };
		235E7B83238D9CA900B59855 /* Topic.swift in Sources */ = {isa = PBXBuildFile; fileRef = 235E7B82238D9CA900B59855 /* Topic.swift */; };
		239153242391883E00479BB6 /* FinishedMeetingViewController.swift in Sources */ = {isa = PBXBuildFile; fileRef = 239153232391883E00479BB6 /* FinishedMeetingViewController.swift */; };
		2391532923919F2E00479BB6 /* ConclusionsViewController.swift in Sources */ = {isa = PBXBuildFile; fileRef = 2391532823919F2E00479BB6 /* ConclusionsViewController.swift */; };
		23E7E12E2397D46900B99A09 /* UnfinishedTopicsTableViewCell.m in Sources */ = {isa = PBXBuildFile; fileRef = 23E7E12D2397D46900B99A09 /* UnfinishedTopicsTableViewCell.m */; };
		23E7E1312397D5FE00B99A09 /* FinishedTopicsTableViewCell.m in Sources */ = {isa = PBXBuildFile; fileRef = 23E7E1302397D5FE00B99A09 /* FinishedTopicsTableViewCell.m */; };
		492C050023A1587C00442814 /* ViewController+SearchController.swift in Sources */ = {isa = PBXBuildFile; fileRef = 492C04FF23A1587C00442814 /* ViewController+SearchController.swift */; };
		492C050423A1818500442814 /* ProfileViewController.swift in Sources */ = {isa = PBXBuildFile; fileRef = 492C050323A1818500442814 /* ProfileViewController.swift */; };
		492C050523A1819F00442814 /* Profile.storyboard in Resources */ = {isa = PBXBuildFile; fileRef = 492C050723A1819F00442814 /* Profile.storyboard */; };
		492C051023A2904800442814 /* OnBoarding.storyboard in Resources */ = {isa = PBXBuildFile; fileRef = 492C051223A2904800442814 /* OnBoarding.storyboard */; };
		492C051A23A2907A00442814 /* OnBoardingViewController.swift in Sources */ = {isa = PBXBuildFile; fileRef = 492C051923A2907A00442814 /* OnBoardingViewController.swift */; };
		496C515C239893F2000EF74F /* EventManager.m in Sources */ = {isa = PBXBuildFile; fileRef = 496C515B239893F2000EF74F /* EventManager.m */; };
		497FB2AD23E207EB008059D9 /* StoreKit.framework in Frameworks */ = {isa = PBXBuildFile; fileRef = 497FB2AC23E207EB008059D9 /* StoreKit.framework */; };
		497FB2B423E4C1C3008059D9 /* Premium.storyboard in Resources */ = {isa = PBXBuildFile; fileRef = 497FB2B623E4C1C3008059D9 /* Premium.storyboard */; };
		497FB2BE23E8B934008059D9 /* PremiumTableTableViewController.swift in Sources */ = {isa = PBXBuildFile; fileRef = 497FB2BD23E8B934008059D9 /* PremiumTableTableViewController.swift */; };
		49A4652723D09FF6006D67D8 /* Login.storyboard in Resources */ = {isa = PBXBuildFile; fileRef = 49A4652923D09FF6006D67D8 /* Login.storyboard */; };
		49A59B1423E0B993003F749C /* MeetingsProducts.swift in Sources */ = {isa = PBXBuildFile; fileRef = 49A59B1323E0B993003F749C /* MeetingsProducts.swift */; };
		49A59B1623E0BC9A003F749C /* StoreManager.swift in Sources */ = {isa = PBXBuildFile; fileRef = 49A59B1523E0BC9A003F749C /* StoreManager.swift */; };
		49BC44C5239FD913007A85E2 /* MyMeetingsTableViewCell.swift in Sources */ = {isa = PBXBuildFile; fileRef = 49BC44C4239FD913007A85E2 /* MyMeetingsTableViewCell.swift */; };
		49BF5F9423DF652600DD56DC /* TableView+Gradient.swift in Sources */ = {isa = PBXBuildFile; fileRef = 49BF5F9323DF652600DD56DC /* TableView+Gradient.swift */; };
		49CB4C47238D6C6500DFDAD4 /* CloudManager.swift in Sources */ = {isa = PBXBuildFile; fileRef = 49CB4C46238D6C6500DFDAD4 /* CloudManager.swift */; };
		49EB44E223871126002F434D /* AppDelegate.swift in Sources */ = {isa = PBXBuildFile; fileRef = 49EB44E123871126002F434D /* AppDelegate.swift */; };
		49EB44E423871126002F434D /* SceneDelegate.swift in Sources */ = {isa = PBXBuildFile; fileRef = 49EB44E323871126002F434D /* SceneDelegate.swift */; };
		49EB44EE23871128002F434D /* Assets.xcassets in Resources */ = {isa = PBXBuildFile; fileRef = 49EB44ED23871128002F434D /* Assets.xcassets */; };
		49EB44F123871128002F434D /* LaunchScreen.storyboard in Resources */ = {isa = PBXBuildFile; fileRef = 49EB44EF23871128002F434D /* LaunchScreen.storyboard */; };
		49F09ACB2399A1BA00B7DFD3 /* MyMeetings.storyboard in Resources */ = {isa = PBXBuildFile; fileRef = 49F09A6A2399827100B7DFD3 /* MyMeetings.storyboard */; };
		49F09ACC2399A1BE00B7DFD3 /* FinishedMeeting.storyboard in Resources */ = {isa = PBXBuildFile; fileRef = 49F09A72239982A600B7DFD3 /* FinishedMeeting.storyboard */; };
		49F09ACD2399A1C100B7DFD3 /* UnfinishedMeeting.storyboard in Resources */ = {isa = PBXBuildFile; fileRef = 49F09A7A239982C600B7DFD3 /* UnfinishedMeeting.storyboard */; };
		49F09ACE2399A1C400B7DFD3 /* Contact.storyboard in Resources */ = {isa = PBXBuildFile; fileRef = 49F09A82239982FA00B7DFD3 /* Contact.storyboard */; };
		49F09ACF2399A1C700B7DFD3 /* NewMeeting.storyboard in Resources */ = {isa = PBXBuildFile; fileRef = 49F09A8A2399831800B7DFD3 /* NewMeeting.storyboard */; };
		49F09AD02399A1CB00B7DFD3 /* SelectAColor.storyboard in Resources */ = {isa = PBXBuildFile; fileRef = 49F09AC32399A18000B7DFD3 /* SelectAColor.storyboard */; };
		A4284637239982BF0044C33E /* NewMeetingViewController+NameMeetingValidation.m in Sources */ = {isa = PBXBuildFile; fileRef = A4284636239982BF0044C33E /* NewMeetingViewController+NameMeetingValidation.m */; };
		A4382C7523C2BD330021C814 /* LoginViewController.swift in Sources */ = {isa = PBXBuildFile; fileRef = A4382C7423C2BD330021C814 /* LoginViewController.swift */; };
		A4382C7723C2BD7E0021C814 /* ContactViewController.swift in Sources */ = {isa = PBXBuildFile; fileRef = A4382C7623C2BD7E0021C814 /* ContactViewController.swift */; };
		A4382CA223C51BDD0021C814 /* ContactCollectionViewCell.xib in Resources */ = {isa = PBXBuildFile; fileRef = A4382CA123C51BDC0021C814 /* ContactCollectionViewCell.xib */; };
		A4382CAE23CCEAF40021C814 /* Localizable.strings in Resources */ = {isa = PBXBuildFile; fileRef = 49F09A592399819500B7DFD3 /* Localizable.strings */; };
		A447CC8523D0EFC800A06D01 /* UnfinishedMeetingViewController.swift in Sources */ = {isa = PBXBuildFile; fileRef = A447CC8423D0EFC800A06D01 /* UnfinishedMeetingViewController.swift */; };
		A447CC8923D0F23C00A06D01 /* ContactTableViewCell.xib in Resources */ = {isa = PBXBuildFile; fileRef = A4C5BE8C23A2C105002BE4B9 /* ContactTableViewCell.xib */; };
		A44CC2FA23D615B1005ECFF6 /* TopicsPerPersonPickerView.m in Sources */ = {isa = PBXBuildFile; fileRef = A44CC2F923D615B1005ECFF6 /* TopicsPerPersonPickerView.m */; };
		A44CC2FF23D77555005ECFF6 /* DatePickersSetup.swift in Sources */ = {isa = PBXBuildFile; fileRef = A44CC2FE23D77555005ECFF6 /* DatePickersSetup.swift */; };
		A44CC30B23D889BA005ECFF6 /* DetailsTableViewController+TextFieldName.m in Sources */ = {isa = PBXBuildFile; fileRef = A44CC30A23D889BA005ECFF6 /* DetailsTableViewController+TextFieldName.m */; };
		A44CC30D23D8ADFA005ECFF6 /* DetailsTableViewController+UpdateMeeting.swift in Sources */ = {isa = PBXBuildFile; fileRef = A44CC30C23D8ADFA005ECFF6 /* DetailsTableViewController+UpdateMeeting.swift */; };
		A44CC31723D8FD67005ECFF6 /* DetailsNewMeetingManager.swift in Sources */ = {isa = PBXBuildFile; fileRef = A44CC31623D8FD67005ECFF6 /* DetailsNewMeetingManager.swift */; };
		A44CC31B23DB841F005ECFF6 /* DetailsTableViewController.m in Sources */ = {isa = PBXBuildFile; fileRef = A44CC31A23DB841F005ECFF6 /* DetailsTableViewController.m */; };
		A45097AF238D95F4009AB71E /* MeetingBrowserPeer.swift in Sources */ = {isa = PBXBuildFile; fileRef = A45097AE238D95F4009AB71E /* MeetingBrowserPeer.swift */; };
		A4533FF7238C58060089257A /* CloudKit.framework in Frameworks */ = {isa = PBXBuildFile; fileRef = A4533FF6238C58060089257A /* CloudKit.framework */; };
		A4533FF9238C67F00089257A /* Meeting.swift in Sources */ = {isa = PBXBuildFile; fileRef = A4533FF8238C67F00089257A /* Meeting.swift */; };
		A47E234323ECF50E00A1C9CC /* TableViewNoResults.xib in Resources */ = {isa = PBXBuildFile; fileRef = A47E234223ECF50E00A1C9CC /* TableViewNoResults.xib */; };
		A47E234623ECF70600A1C9CC /* TableViewNoResults.swift in Sources */ = {isa = PBXBuildFile; fileRef = A47E234523ECF70600A1C9CC /* TableViewNoResults.swift */; };
		A49229EE23A3323500FD95B9 /* ContactTableView.swift in Sources */ = {isa = PBXBuildFile; fileRef = A49229ED23A3323500FD95B9 /* ContactTableView.swift */; };
		A4922A1F23A728FB00FD95B9 /* SFProText-Medium.ttf in Resources */ = {isa = PBXBuildFile; fileRef = A4922A1023A728FB00FD95B9 /* SFProText-Medium.ttf */; };
		A4922A2023A728FB00FD95B9 /* SFProText-Heavy.ttf in Resources */ = {isa = PBXBuildFile; fileRef = A4922A1123A728FB00FD95B9 /* SFProText-Heavy.ttf */; };
		A4922A2123A728FB00FD95B9 /* SFProDisplay-Ultralight.ttf in Resources */ = {isa = PBXBuildFile; fileRef = A4922A1223A728FB00FD95B9 /* SFProDisplay-Ultralight.ttf */; };
		A4922A2223A728FB00FD95B9 /* SFProText-Semibold.ttf in Resources */ = {isa = PBXBuildFile; fileRef = A4922A1323A728FB00FD95B9 /* SFProText-Semibold.ttf */; };
		A4922A2323A728FB00FD95B9 /* SFProText-Regular.ttf in Resources */ = {isa = PBXBuildFile; fileRef = A4922A1423A728FB00FD95B9 /* SFProText-Regular.ttf */; };
		A4922A2423A728FB00FD95B9 /* SFProDisplay-Medium.ttf in Resources */ = {isa = PBXBuildFile; fileRef = A4922A1523A728FB00FD95B9 /* SFProDisplay-Medium.ttf */; };
		A4922A2523A728FB00FD95B9 /* SFProDisplay-Black.ttf in Resources */ = {isa = PBXBuildFile; fileRef = A4922A1623A728FB00FD95B9 /* SFProDisplay-Black.ttf */; };
		A4922A2623A728FB00FD95B9 /* SFProText-Light.ttf in Resources */ = {isa = PBXBuildFile; fileRef = A4922A1723A728FB00FD95B9 /* SFProText-Light.ttf */; };
		A4922A2723A728FB00FD95B9 /* SFProDisplay-Light.ttf in Resources */ = {isa = PBXBuildFile; fileRef = A4922A1823A728FB00FD95B9 /* SFProDisplay-Light.ttf */; };
		A4922A2823A728FB00FD95B9 /* SFProDisplay-Regular.ttf in Resources */ = {isa = PBXBuildFile; fileRef = A4922A1923A728FB00FD95B9 /* SFProDisplay-Regular.ttf */; };
		A4922A2923A728FB00FD95B9 /* SFProDisplay-Bold.ttf in Resources */ = {isa = PBXBuildFile; fileRef = A4922A1A23A728FB00FD95B9 /* SFProDisplay-Bold.ttf */; };
		A4922A2A23A728FB00FD95B9 /* SFProText-Bold.ttf in Resources */ = {isa = PBXBuildFile; fileRef = A4922A1B23A728FB00FD95B9 /* SFProText-Bold.ttf */; };
		A4922A2B23A728FB00FD95B9 /* SFProDisplay-Semibold.ttf in Resources */ = {isa = PBXBuildFile; fileRef = A4922A1C23A728FB00FD95B9 /* SFProDisplay-Semibold.ttf */; };
		A4922A2C23A728FB00FD95B9 /* SFProDisplay-Heavy.ttf in Resources */ = {isa = PBXBuildFile; fileRef = A4922A1D23A728FB00FD95B9 /* SFProDisplay-Heavy.ttf */; };
		A4922A2D23A728FB00FD95B9 /* SFProDisplay-Thin.ttf in Resources */ = {isa = PBXBuildFile; fileRef = A4922A1E23A728FB00FD95B9 /* SFProDisplay-Thin.ttf */; };
		A4BA9B1823CE276E00CCC2AF /* Details.storyboard in Resources */ = {isa = PBXBuildFile; fileRef = A4BA9B1A23CE276E00CCC2AF /* Details.storyboard */; };
		A4BCAD1623E4F38A00470E95 /* TVsTableView.xib in Resources */ = {isa = PBXBuildFile; fileRef = A4BCAD1523E4F38A00470E95 /* TVsTableView.xib */; };
		A4BCAD1823E4F46B00470E95 /* TvsTableView.swift in Sources */ = {isa = PBXBuildFile; fileRef = A4BCAD1723E4F46B00470E95 /* TvsTableView.swift */; };
		A4BCAD1B23E5043100470E95 /* TvTableViewCell.swift in Sources */ = {isa = PBXBuildFile; fileRef = A4BCAD1923E5043100470E95 /* TvTableViewCell.swift */; };
		A4BCAD1C23E5043100470E95 /* TvTableViewCell.xib in Resources */ = {isa = PBXBuildFile; fileRef = A4BCAD1A23E5043100470E95 /* TvTableViewCell.xib */; };
		A4BCAD1E23E5075600470E95 /* TvsTableViewData.swift in Sources */ = {isa = PBXBuildFile; fileRef = A4BCAD1D23E5075600470E95 /* TvsTableViewData.swift */; };
		A4C5BE8D23A2C105002BE4B9 /* ContactTableViewCell.swift in Sources */ = {isa = PBXBuildFile; fileRef = A4C5BE8B23A2C105002BE4B9 /* ContactTableViewCell.swift */; };
		A4C5BE9423A2E6B5002BE4B9 /* ContactCollectionViewCell.m in Sources */ = {isa = PBXBuildFile; fileRef = A4C5BE9223A2E6B5002BE4B9 /* ContactCollectionViewCell.m */; };
		A4E1EA0823E34CFD00B2B32A /* OnboardingTableViewCell.swift in Sources */ = {isa = PBXBuildFile; fileRef = A4E1EA0623E34CFD00B2B32A /* OnboardingTableViewCell.swift */; };
		A4E1EA0923E34CFD00B2B32A /* OnboardingTableViewCell.xib in Resources */ = {isa = PBXBuildFile; fileRef = A4E1EA0723E34CFD00B2B32A /* OnboardingTableViewCell.xib */; };
		A4E1EA0B23E34F3E00B2B32A /* WelcomeOnboardingTableViewCell.swift in Sources */ = {isa = PBXBuildFile; fileRef = A4E1EA0A23E34F3E00B2B32A /* WelcomeOnboardingTableViewCell.swift */; };
		A4E1EA0D23E35D8A00B2B32A /* ContinueOnboardingTableViewCell.swift in Sources */ = {isa = PBXBuildFile; fileRef = A4E1EA0C23E35D8A00B2B32A /* ContinueOnboardingTableViewCell.swift */; };
		A4EB3BE52395E3820097857F /* NewMeetingViewController.m in Sources */ = {isa = PBXBuildFile; fileRef = A4EB3BE42395E3820097857F /* NewMeetingViewController.m */; };
		A4EB3BFD239747640097857F /* Contact.m in Sources */ = {isa = PBXBuildFile; fileRef = A4EB3BFC239747640097857F /* Contact.m */; };
		A4EB3C13239754D40097857F /* ContactCollectionView.m in Sources */ = {isa = PBXBuildFile; fileRef = A4EB3C12239754D40097857F /* ContactCollectionView.m */; };
		A4EB3C1C2397DF9A0097857F /* NSString+NewFeatures.m in Sources */ = {isa = PBXBuildFile; fileRef = A4EB3C1B2397DF9A0097857F /* NSString+NewFeatures.m */; };
		A4EB3C1F2397EAF60097857F /* ContactManager.m in Sources */ = {isa = PBXBuildFile; fileRef = A4EB3C1E2397EAF60097857F /* ContactManager.m */; };
		A4F4547B23E8C2C800CFF2CE /* UIViewController+StatusBarBackground.m in Sources */ = {isa = PBXBuildFile; fileRef = A4F4547A23E8C2C800CFF2CE /* UIViewController+StatusBarBackground.m */; };
		A4F4548023E9B3A100CFF2CE /* UIView+CornerShadows.m in Sources */ = {isa = PBXBuildFile; fileRef = A4F4547F23E9B3A100CFF2CE /* UIView+CornerShadows.m */; };
		A4F4548823E9EBBF00CFF2CE /* UIAlertController+Loading.swift in Sources */ = {isa = PBXBuildFile; fileRef = A4F4548723E9EBBF00CFF2CE /* UIAlertController+Loading.swift */; };
		E219ACC52397DED5002CF585 /* SelectColorViewController.swift in Sources */ = {isa = PBXBuildFile; fileRef = E219ACC42397DED5002CF585 /* SelectColorViewController.swift */; };
		E23F1FC123A2D99F00B5C7FC /* DescriptionTableViewManager.swift in Sources */ = {isa = PBXBuildFile; fileRef = E23F1FC023A2D99F00B5C7FC /* DescriptionTableViewManager.swift */; };
		E23F1FC323A2DA4300B5C7FC /* ConclusionInfoTableViewManager.swift in Sources */ = {isa = PBXBuildFile; fileRef = E23F1FC223A2DA4300B5C7FC /* ConclusionInfoTableViewManager.swift */; };
		E2637A7E239FDD13006B732C /* ConclusionTableViewCell.m in Sources */ = {isa = PBXBuildFile; fileRef = E2637A7D239FDD13006B732C /* ConclusionTableViewCell.m */; };
		E26A2BCD238D5BD700A956DE /* User.swift in Sources */ = {isa = PBXBuildFile; fileRef = E26A2BCC238D5BD700A956DE /* User.swift */; };
/* End PBXBuildFile section */

/* Begin PBXFileReference section */
		231AE149239828170051051C /* MyMeetingsViewController.swift */ = {isa = PBXFileReference; lastKnownFileType = sourcecode.swift; path = MyMeetingsViewController.swift; sourceTree = "<group>"; };
		235E7B82238D9CA900B59855 /* Topic.swift */ = {isa = PBXFileReference; fileEncoding = 4; lastKnownFileType = sourcecode.swift; path = Topic.swift; sourceTree = "<group>"; };
		239153232391883E00479BB6 /* FinishedMeetingViewController.swift */ = {isa = PBXFileReference; lastKnownFileType = sourcecode.swift; path = FinishedMeetingViewController.swift; sourceTree = "<group>"; };
		2391532823919F2E00479BB6 /* ConclusionsViewController.swift */ = {isa = PBXFileReference; lastKnownFileType = sourcecode.swift; path = ConclusionsViewController.swift; sourceTree = "<group>"; };
		23E7E12C2397D46900B99A09 /* UnfinishedTopicsTableViewCell.h */ = {isa = PBXFileReference; lastKnownFileType = sourcecode.c.h; path = UnfinishedTopicsTableViewCell.h; sourceTree = "<group>"; };
		23E7E12D2397D46900B99A09 /* UnfinishedTopicsTableViewCell.m */ = {isa = PBXFileReference; lastKnownFileType = sourcecode.c.objc; path = UnfinishedTopicsTableViewCell.m; sourceTree = "<group>"; };
		23E7E12F2397D5FE00B99A09 /* FinishedTopicsTableViewCell.h */ = {isa = PBXFileReference; lastKnownFileType = sourcecode.c.h; path = FinishedTopicsTableViewCell.h; sourceTree = "<group>"; };
		23E7E1302397D5FE00B99A09 /* FinishedTopicsTableViewCell.m */ = {isa = PBXFileReference; lastKnownFileType = sourcecode.c.objc; path = FinishedTopicsTableViewCell.m; sourceTree = "<group>"; };
		492C04FF23A1587C00442814 /* ViewController+SearchController.swift */ = {isa = PBXFileReference; lastKnownFileType = sourcecode.swift; path = "ViewController+SearchController.swift"; sourceTree = "<group>"; };
		492C050323A1818500442814 /* ProfileViewController.swift */ = {isa = PBXFileReference; lastKnownFileType = sourcecode.swift; path = ProfileViewController.swift; sourceTree = "<group>"; };
		492C050623A1819F00442814 /* Base */ = {isa = PBXFileReference; lastKnownFileType = file.storyboard; name = Base; path = Base.lproj/Profile.storyboard; sourceTree = "<group>"; };
		492C051123A2904800442814 /* Base */ = {isa = PBXFileReference; lastKnownFileType = file.storyboard; name = Base; path = Base.lproj/OnBoarding.storyboard; sourceTree = "<group>"; };
		492C051923A2907A00442814 /* OnBoardingViewController.swift */ = {isa = PBXFileReference; lastKnownFileType = sourcecode.swift; path = OnBoardingViewController.swift; sourceTree = "<group>"; };
		496C515A239893F2000EF74F /* EventManager.h */ = {isa = PBXFileReference; lastKnownFileType = sourcecode.c.h; path = EventManager.h; sourceTree = "<group>"; };
		496C515B239893F2000EF74F /* EventManager.m */ = {isa = PBXFileReference; lastKnownFileType = sourcecode.c.objc; path = EventManager.m; sourceTree = "<group>"; };
		497FB2AC23E207EB008059D9 /* StoreKit.framework */ = {isa = PBXFileReference; lastKnownFileType = wrapper.framework; name = StoreKit.framework; path = System/Library/Frameworks/StoreKit.framework; sourceTree = SDKROOT; };
		497FB2B523E4C1C3008059D9 /* Base */ = {isa = PBXFileReference; lastKnownFileType = file.storyboard; name = Base; path = Base.lproj/Premium.storyboard; sourceTree = "<group>"; };
		497FB2B823E4C1C6008059D9 /* en */ = {isa = PBXFileReference; lastKnownFileType = text.plist.strings; name = en; path = en.lproj/Premium.strings; sourceTree = "<group>"; };
		497FB2BA23E4C1C8008059D9 /* pt-BR */ = {isa = PBXFileReference; lastKnownFileType = text.plist.strings; name = "pt-BR"; path = "pt-BR.lproj/Premium.strings"; sourceTree = "<group>"; };
		497FB2BC23E4C1C9008059D9 /* es */ = {isa = PBXFileReference; lastKnownFileType = text.plist.strings; name = es; path = es.lproj/Premium.strings; sourceTree = "<group>"; };
		497FB2BD23E8B934008059D9 /* PremiumTableTableViewController.swift */ = {isa = PBXFileReference; lastKnownFileType = sourcecode.swift; name = PremiumTableTableViewController.swift; path = MeetingiOS/ViewControllers/PremiumTableTableViewController.swift; sourceTree = SOURCE_ROOT; };
		49A4652823D09FF6006D67D8 /* Base */ = {isa = PBXFileReference; lastKnownFileType = file.storyboard; name = Base; path = Base.lproj/Login.storyboard; sourceTree = "<group>"; };
		49A59B1323E0B993003F749C /* MeetingsProducts.swift */ = {isa = PBXFileReference; lastKnownFileType = sourcecode.swift; path = MeetingsProducts.swift; sourceTree = "<group>"; };
		49A59B1523E0BC9A003F749C /* StoreManager.swift */ = {isa = PBXFileReference; lastKnownFileType = sourcecode.swift; path = StoreManager.swift; sourceTree = "<group>"; };
		49BC44C4239FD913007A85E2 /* MyMeetingsTableViewCell.swift */ = {isa = PBXFileReference; lastKnownFileType = sourcecode.swift; path = MyMeetingsTableViewCell.swift; sourceTree = "<group>"; };
		49BF5F9323DF652600DD56DC /* TableView+Gradient.swift */ = {isa = PBXFileReference; lastKnownFileType = sourcecode.swift; path = "TableView+Gradient.swift"; sourceTree = "<group>"; };
		49CB4C46238D6C6500DFDAD4 /* CloudManager.swift */ = {isa = PBXFileReference; fileEncoding = 4; lastKnownFileType = sourcecode.swift; name = CloudManager.swift; path = MeetingiOS/CloudManager.swift; sourceTree = SOURCE_ROOT; };
		49EB44DE23871126002F434D /* MeetingiOS.app */ = {isa = PBXFileReference; explicitFileType = wrapper.application; includeInIndex = 0; path = MeetingiOS.app; sourceTree = BUILT_PRODUCTS_DIR; };
		49EB44E123871126002F434D /* AppDelegate.swift */ = {isa = PBXFileReference; lastKnownFileType = sourcecode.swift; path = AppDelegate.swift; sourceTree = "<group>"; };
		49EB44E323871126002F434D /* SceneDelegate.swift */ = {isa = PBXFileReference; lastKnownFileType = sourcecode.swift; path = SceneDelegate.swift; sourceTree = "<group>"; };
		49EB44ED23871128002F434D /* Assets.xcassets */ = {isa = PBXFileReference; lastKnownFileType = folder.assetcatalog; path = Assets.xcassets; sourceTree = "<group>"; };
		49EB44F023871128002F434D /* Base */ = {isa = PBXFileReference; lastKnownFileType = file.storyboard; name = Base; path = Base.lproj/LaunchScreen.storyboard; sourceTree = "<group>"; };
		49EB44F223871128002F434D /* Info.plist */ = {isa = PBXFileReference; lastKnownFileType = text.plist.xml; path = Info.plist; sourceTree = "<group>"; };
		49F09A582399819500B7DFD3 /* en */ = {isa = PBXFileReference; lastKnownFileType = text.plist.strings; name = en; path = en.lproj/Localizable.strings; sourceTree = "<group>"; };
		49F09A5A2399821600B7DFD3 /* pt-BR */ = {isa = PBXFileReference; lastKnownFileType = text.plist.strings; name = "pt-BR"; path = "pt-BR.lproj/LaunchScreen.strings"; sourceTree = "<group>"; };
		49F09A5B2399821600B7DFD3 /* pt-BR */ = {isa = PBXFileReference; lastKnownFileType = text.plist.strings; name = "pt-BR"; path = "pt-BR.lproj/Localizable.strings"; sourceTree = "<group>"; };
		49F09A5C2399822600B7DFD3 /* es */ = {isa = PBXFileReference; lastKnownFileType = text.plist.strings; name = es; path = es.lproj/LaunchScreen.strings; sourceTree = "<group>"; };
		49F09A5D2399822600B7DFD3 /* es */ = {isa = PBXFileReference; lastKnownFileType = text.plist.strings; name = es; path = es.lproj/Localizable.strings; sourceTree = "<group>"; };
		49F09A622399825600B7DFD3 /* en */ = {isa = PBXFileReference; lastKnownFileType = text.plist.strings; name = en; path = en.lproj/LaunchScreen.strings; sourceTree = "<group>"; };
		49F09A6F2399827800B7DFD3 /* Base */ = {isa = PBXFileReference; lastKnownFileType = file.storyboard; name = Base; path = Base.lproj/MyMeetings.storyboard; sourceTree = "<group>"; };
		49F09A73239982AF00B7DFD3 /* Base */ = {isa = PBXFileReference; lastKnownFileType = file.storyboard; name = Base; path = Base.lproj/FinishedMeeting.storyboard; sourceTree = "<group>"; };
		49F09A75239982BB00B7DFD3 /* pt-BR */ = {isa = PBXFileReference; lastKnownFileType = text.plist.strings; name = "pt-BR"; path = "pt-BR.lproj/FinishedMeeting.strings"; sourceTree = "<group>"; };
		49F09A77239982BC00B7DFD3 /* es */ = {isa = PBXFileReference; lastKnownFileType = text.plist.strings; name = es; path = es.lproj/FinishedMeeting.strings; sourceTree = "<group>"; };
		49F09A7B239982CF00B7DFD3 /* Base */ = {isa = PBXFileReference; lastKnownFileType = file.storyboard; name = Base; path = Base.lproj/UnfinishedMeeting.storyboard; sourceTree = "<group>"; };
		49F09A7D239982D400B7DFD3 /* pt-BR */ = {isa = PBXFileReference; lastKnownFileType = text.plist.strings; name = "pt-BR"; path = "pt-BR.lproj/UnfinishedMeeting.strings"; sourceTree = "<group>"; };
		49F09A7F239982D500B7DFD3 /* es */ = {isa = PBXFileReference; lastKnownFileType = text.plist.strings; name = es; path = es.lproj/UnfinishedMeeting.strings; sourceTree = "<group>"; };
		49F09A83239982FF00B7DFD3 /* Base */ = {isa = PBXFileReference; lastKnownFileType = file.storyboard; name = Base; path = Base.lproj/Contact.storyboard; sourceTree = "<group>"; };
		49F09A8B2399831D00B7DFD3 /* Base */ = {isa = PBXFileReference; lastKnownFileType = file.storyboard; name = Base; path = Base.lproj/NewMeeting.storyboard; sourceTree = "<group>"; };
		49F09ABB2399A16900B7DFD3 /* en */ = {isa = PBXFileReference; lastKnownFileType = text.plist.strings; name = en; path = en.lproj/FinishedMeeting.strings; sourceTree = "<group>"; };
		49F09ABD2399A16E00B7DFD3 /* en */ = {isa = PBXFileReference; lastKnownFileType = text.plist.strings; name = en; path = en.lproj/UnfinishedMeeting.strings; sourceTree = "<group>"; };
		49F09AC42399A18500B7DFD3 /* Base */ = {isa = PBXFileReference; lastKnownFileType = file.storyboard; name = Base; path = Base.lproj/SelectAColor.storyboard; sourceTree = "<group>"; };
		49F09AC62399A18700B7DFD3 /* pt-BR */ = {isa = PBXFileReference; lastKnownFileType = text.plist.strings; name = "pt-BR"; path = "pt-BR.lproj/SelectAColor.strings"; sourceTree = "<group>"; };
		49F09AC82399A18800B7DFD3 /* es */ = {isa = PBXFileReference; lastKnownFileType = text.plist.strings; name = es; path = es.lproj/SelectAColor.strings; sourceTree = "<group>"; };
		49F09ACA2399A1B100B7DFD3 /* en */ = {isa = PBXFileReference; lastKnownFileType = text.plist.strings; name = en; path = en.lproj/SelectAColor.strings; sourceTree = "<group>"; };
		A4284635239982BF0044C33E /* NewMeetingViewController+NameMeetingValidation.h */ = {isa = PBXFileReference; lastKnownFileType = sourcecode.c.h; path = "NewMeetingViewController+NameMeetingValidation.h"; sourceTree = "<group>"; };
		A4284636239982BF0044C33E /* NewMeetingViewController+NameMeetingValidation.m */ = {isa = PBXFileReference; lastKnownFileType = sourcecode.c.objc; path = "NewMeetingViewController+NameMeetingValidation.m"; sourceTree = "<group>"; };
		A4382C7423C2BD330021C814 /* LoginViewController.swift */ = {isa = PBXFileReference; fileEncoding = 4; lastKnownFileType = sourcecode.swift; path = LoginViewController.swift; sourceTree = "<group>"; };
		A4382C7623C2BD7E0021C814 /* ContactViewController.swift */ = {isa = PBXFileReference; fileEncoding = 4; lastKnownFileType = sourcecode.swift; path = ContactViewController.swift; sourceTree = "<group>"; };
		A4382CA123C51BDC0021C814 /* ContactCollectionViewCell.xib */ = {isa = PBXFileReference; fileEncoding = 4; lastKnownFileType = file.xib; path = ContactCollectionViewCell.xib; sourceTree = "<group>"; };
		A4382CB023CCEE4F0021C814 /* en */ = {isa = PBXFileReference; lastKnownFileType = text.plist.strings; name = en; path = en.lproj/NewMeeting.strings; sourceTree = "<group>"; };
		A4382CB223CCEE6C0021C814 /* pt-BR */ = {isa = PBXFileReference; lastKnownFileType = text.plist.strings; name = "pt-BR"; path = "pt-BR.lproj/NewMeeting.strings"; sourceTree = "<group>"; };
		A4382CB423CCEE720021C814 /* es */ = {isa = PBXFileReference; lastKnownFileType = text.plist.strings; name = es; path = es.lproj/NewMeeting.strings; sourceTree = "<group>"; };
		A447CC8423D0EFC800A06D01 /* UnfinishedMeetingViewController.swift */ = {isa = PBXFileReference; fileEncoding = 4; lastKnownFileType = sourcecode.swift; path = UnfinishedMeetingViewController.swift; sourceTree = "<group>"; };
		A44CC2F823D615B1005ECFF6 /* TopicsPerPersonPickerView.h */ = {isa = PBXFileReference; lastKnownFileType = sourcecode.c.h; path = TopicsPerPersonPickerView.h; sourceTree = "<group>"; };
		A44CC2F923D615B1005ECFF6 /* TopicsPerPersonPickerView.m */ = {isa = PBXFileReference; lastKnownFileType = sourcecode.c.objc; path = TopicsPerPersonPickerView.m; sourceTree = "<group>"; };
		A44CC2FE23D77555005ECFF6 /* DatePickersSetup.swift */ = {isa = PBXFileReference; lastKnownFileType = sourcecode.swift; path = DatePickersSetup.swift; sourceTree = "<group>"; };
		A44CC30423D79C04005ECFF6 /* en */ = {isa = PBXFileReference; lastKnownFileType = text.plist.strings; name = en; path = en.lproj/Details.strings; sourceTree = "<group>"; };
		A44CC30623D79C08005ECFF6 /* pt-BR */ = {isa = PBXFileReference; lastKnownFileType = text.plist.strings; name = "pt-BR"; path = "pt-BR.lproj/Details.strings"; sourceTree = "<group>"; };
		A44CC30823D79C0A005ECFF6 /* es */ = {isa = PBXFileReference; lastKnownFileType = text.plist.strings; name = es; path = es.lproj/Details.strings; sourceTree = "<group>"; };
		A44CC30923D889BA005ECFF6 /* DetailsTableViewController+TextFieldName.h */ = {isa = PBXFileReference; lastKnownFileType = sourcecode.c.h; path = "DetailsTableViewController+TextFieldName.h"; sourceTree = "<group>"; };
		A44CC30A23D889BA005ECFF6 /* DetailsTableViewController+TextFieldName.m */ = {isa = PBXFileReference; lastKnownFileType = sourcecode.c.objc; path = "DetailsTableViewController+TextFieldName.m"; sourceTree = "<group>"; };
		A44CC30C23D8ADFA005ECFF6 /* DetailsTableViewController+UpdateMeeting.swift */ = {isa = PBXFileReference; lastKnownFileType = sourcecode.swift; path = "DetailsTableViewController+UpdateMeeting.swift"; sourceTree = "<group>"; };
		A44CC30E23D8D4F7005ECFF6 /* MeetingDelegate.h */ = {isa = PBXFileReference; lastKnownFileType = sourcecode.c.h; path = MeetingDelegate.h; sourceTree = "<group>"; };
		A44CC31623D8FD67005ECFF6 /* DetailsNewMeetingManager.swift */ = {isa = PBXFileReference; fileEncoding = 4; lastKnownFileType = sourcecode.swift; path = DetailsNewMeetingManager.swift; sourceTree = "<group>"; };
		A44CC31823DA913D005ECFF6 /* TypeUpdateUser.h */ = {isa = PBXFileReference; lastKnownFileType = sourcecode.c.h; path = TypeUpdateUser.h; sourceTree = "<group>"; };
		A44CC31923DB841F005ECFF6 /* DetailsTableViewController.h */ = {isa = PBXFileReference; fileEncoding = 4; lastKnownFileType = sourcecode.c.h; path = DetailsTableViewController.h; sourceTree = "<group>"; };
		A44CC31A23DB841F005ECFF6 /* DetailsTableViewController.m */ = {isa = PBXFileReference; fileEncoding = 4; lastKnownFileType = sourcecode.c.objc; path = DetailsTableViewController.m; sourceTree = "<group>"; };
		A45097AE238D95F4009AB71E /* MeetingBrowserPeer.swift */ = {isa = PBXFileReference; lastKnownFileType = sourcecode.swift; path = MeetingBrowserPeer.swift; sourceTree = "<group>"; };
		A4533FF4238C58020089257A /* MeetingiOS.entitlements */ = {isa = PBXFileReference; lastKnownFileType = text.plist.entitlements; path = MeetingiOS.entitlements; sourceTree = "<group>"; };
		A4533FF6238C58060089257A /* CloudKit.framework */ = {isa = PBXFileReference; lastKnownFileType = wrapper.framework; name = CloudKit.framework; path = System/Library/Frameworks/CloudKit.framework; sourceTree = SDKROOT; };
		A4533FF8238C67F00089257A /* Meeting.swift */ = {isa = PBXFileReference; lastKnownFileType = sourcecode.swift; path = Meeting.swift; sourceTree = "<group>"; };
		A47E234223ECF50E00A1C9CC /* TableViewNoResults.xib */ = {isa = PBXFileReference; lastKnownFileType = file.xib; path = TableViewNoResults.xib; sourceTree = "<group>"; };
		A47E234523ECF70600A1C9CC /* TableViewNoResults.swift */ = {isa = PBXFileReference; lastKnownFileType = sourcecode.swift; path = TableViewNoResults.swift; sourceTree = "<group>"; };
		A482CABB23E089D300C945E1 /* en */ = {isa = PBXFileReference; lastKnownFileType = text.plist.strings; name = en; path = en.lproj/Contact.strings; sourceTree = "<group>"; };
		A482CABD23E089D500C945E1 /* pt-BR */ = {isa = PBXFileReference; lastKnownFileType = text.plist.strings; name = "pt-BR"; path = "pt-BR.lproj/Contact.strings"; sourceTree = "<group>"; };
		A482CABF23E089D800C945E1 /* es */ = {isa = PBXFileReference; lastKnownFileType = text.plist.strings; name = es; path = es.lproj/Contact.strings; sourceTree = "<group>"; };
		A482CAC223E09D6300C945E1 /* es */ = {isa = PBXFileReference; lastKnownFileType = text.plist.strings; name = es; path = es.lproj/MyMeetings.strings; sourceTree = "<group>"; };
		A482CAC423E09D6600C945E1 /* pt-BR */ = {isa = PBXFileReference; lastKnownFileType = text.plist.strings; name = "pt-BR"; path = "pt-BR.lproj/MyMeetings.strings"; sourceTree = "<group>"; };
		A482CAC623E09D6900C945E1 /* en */ = {isa = PBXFileReference; lastKnownFileType = text.plist.strings; name = en; path = en.lproj/MyMeetings.strings; sourceTree = "<group>"; };
		A49229ED23A3323500FD95B9 /* ContactTableView.swift */ = {isa = PBXFileReference; lastKnownFileType = sourcecode.swift; path = ContactTableView.swift; sourceTree = "<group>"; };
		A4922A1023A728FB00FD95B9 /* SFProText-Medium.ttf */ = {isa = PBXFileReference; lastKnownFileType = file; path = "SFProText-Medium.ttf"; sourceTree = "<group>"; };
		A4922A1123A728FB00FD95B9 /* SFProText-Heavy.ttf */ = {isa = PBXFileReference; lastKnownFileType = file; path = "SFProText-Heavy.ttf"; sourceTree = "<group>"; };
		A4922A1223A728FB00FD95B9 /* SFProDisplay-Ultralight.ttf */ = {isa = PBXFileReference; lastKnownFileType = file; path = "SFProDisplay-Ultralight.ttf"; sourceTree = "<group>"; };
		A4922A1323A728FB00FD95B9 /* SFProText-Semibold.ttf */ = {isa = PBXFileReference; lastKnownFileType = file; path = "SFProText-Semibold.ttf"; sourceTree = "<group>"; };
		A4922A1423A728FB00FD95B9 /* SFProText-Regular.ttf */ = {isa = PBXFileReference; lastKnownFileType = file; path = "SFProText-Regular.ttf"; sourceTree = "<group>"; };
		A4922A1523A728FB00FD95B9 /* SFProDisplay-Medium.ttf */ = {isa = PBXFileReference; lastKnownFileType = file; path = "SFProDisplay-Medium.ttf"; sourceTree = "<group>"; };
		A4922A1623A728FB00FD95B9 /* SFProDisplay-Black.ttf */ = {isa = PBXFileReference; lastKnownFileType = file; path = "SFProDisplay-Black.ttf"; sourceTree = "<group>"; };
		A4922A1723A728FB00FD95B9 /* SFProText-Light.ttf */ = {isa = PBXFileReference; lastKnownFileType = file; path = "SFProText-Light.ttf"; sourceTree = "<group>"; };
		A4922A1823A728FB00FD95B9 /* SFProDisplay-Light.ttf */ = {isa = PBXFileReference; lastKnownFileType = file; path = "SFProDisplay-Light.ttf"; sourceTree = "<group>"; };
		A4922A1923A728FB00FD95B9 /* SFProDisplay-Regular.ttf */ = {isa = PBXFileReference; lastKnownFileType = file; path = "SFProDisplay-Regular.ttf"; sourceTree = "<group>"; };
		A4922A1A23A728FB00FD95B9 /* SFProDisplay-Bold.ttf */ = {isa = PBXFileReference; lastKnownFileType = file; path = "SFProDisplay-Bold.ttf"; sourceTree = "<group>"; };
		A4922A1B23A728FB00FD95B9 /* SFProText-Bold.ttf */ = {isa = PBXFileReference; lastKnownFileType = file; path = "SFProText-Bold.ttf"; sourceTree = "<group>"; };
		A4922A1C23A728FB00FD95B9 /* SFProDisplay-Semibold.ttf */ = {isa = PBXFileReference; lastKnownFileType = file; path = "SFProDisplay-Semibold.ttf"; sourceTree = "<group>"; };
		A4922A1D23A728FB00FD95B9 /* SFProDisplay-Heavy.ttf */ = {isa = PBXFileReference; lastKnownFileType = file; path = "SFProDisplay-Heavy.ttf"; sourceTree = "<group>"; };
		A4922A1E23A728FB00FD95B9 /* SFProDisplay-Thin.ttf */ = {isa = PBXFileReference; lastKnownFileType = file; path = "SFProDisplay-Thin.ttf"; sourceTree = "<group>"; };
		A4BA9B1923CE276E00CCC2AF /* Base */ = {isa = PBXFileReference; lastKnownFileType = file.storyboard; name = Base; path = Base.lproj/Details.storyboard; sourceTree = "<group>"; };
		A4BCAD0E23E4A3B900470E95 /* es */ = {isa = PBXFileReference; lastKnownFileType = text.plist.strings; name = es; path = es.lproj/Login.strings; sourceTree = "<group>"; };
		A4BCAD1023E4A3BC00470E95 /* pt-BR */ = {isa = PBXFileReference; lastKnownFileType = text.plist.strings; name = "pt-BR"; path = "pt-BR.lproj/Login.strings"; sourceTree = "<group>"; };
		A4BCAD1223E4A3BF00470E95 /* en */ = {isa = PBXFileReference; lastKnownFileType = text.plist.strings; name = en; path = en.lproj/Login.strings; sourceTree = "<group>"; };
		A4BCAD1523E4F38A00470E95 /* TVsTableView.xib */ = {isa = PBXFileReference; lastKnownFileType = file.xib; path = TVsTableView.xib; sourceTree = "<group>"; };
		A4BCAD1723E4F46B00470E95 /* TvsTableView.swift */ = {isa = PBXFileReference; lastKnownFileType = sourcecode.swift; path = TvsTableView.swift; sourceTree = "<group>"; };
		A4BCAD1923E5043100470E95 /* TvTableViewCell.swift */ = {isa = PBXFileReference; lastKnownFileType = sourcecode.swift; path = TvTableViewCell.swift; sourceTree = "<group>"; };
		A4BCAD1A23E5043100470E95 /* TvTableViewCell.xib */ = {isa = PBXFileReference; lastKnownFileType = file.xib; path = TvTableViewCell.xib; sourceTree = "<group>"; };
		A4BCAD1D23E5075600470E95 /* TvsTableViewData.swift */ = {isa = PBXFileReference; lastKnownFileType = sourcecode.swift; path = TvsTableViewData.swift; sourceTree = "<group>"; };
		A4C5BE8B23A2C105002BE4B9 /* ContactTableViewCell.swift */ = {isa = PBXFileReference; lastKnownFileType = sourcecode.swift; path = ContactTableViewCell.swift; sourceTree = "<group>"; };
		A4C5BE8C23A2C105002BE4B9 /* ContactTableViewCell.xib */ = {isa = PBXFileReference; lastKnownFileType = file.xib; path = ContactTableViewCell.xib; sourceTree = "<group>"; };
		A4C5BE9123A2E6B5002BE4B9 /* ContactCollectionViewCell.h */ = {isa = PBXFileReference; explicitFileType = sourcecode.c.objc; path = ContactCollectionViewCell.h; sourceTree = "<group>"; };
		A4C5BE9223A2E6B5002BE4B9 /* ContactCollectionViewCell.m */ = {isa = PBXFileReference; lastKnownFileType = sourcecode.c.objc; path = ContactCollectionViewCell.m; sourceTree = "<group>"; };
		A4E1EA0623E34CFD00B2B32A /* OnboardingTableViewCell.swift */ = {isa = PBXFileReference; lastKnownFileType = sourcecode.swift; path = OnboardingTableViewCell.swift; sourceTree = "<group>"; };
		A4E1EA0723E34CFD00B2B32A /* OnboardingTableViewCell.xib */ = {isa = PBXFileReference; lastKnownFileType = file.xib; path = OnboardingTableViewCell.xib; sourceTree = "<group>"; };
		A4E1EA0A23E34F3E00B2B32A /* WelcomeOnboardingTableViewCell.swift */ = {isa = PBXFileReference; lastKnownFileType = sourcecode.swift; path = WelcomeOnboardingTableViewCell.swift; sourceTree = "<group>"; };
		A4E1EA0C23E35D8A00B2B32A /* ContinueOnboardingTableViewCell.swift */ = {isa = PBXFileReference; lastKnownFileType = sourcecode.swift; path = ContinueOnboardingTableViewCell.swift; sourceTree = "<group>"; };
		A4EB3BE22395E3820097857F /* MeetingiOS-Bridging-Header.h */ = {isa = PBXFileReference; lastKnownFileType = sourcecode.c.h; path = "MeetingiOS-Bridging-Header.h"; sourceTree = "<group>"; };
		A4EB3BE32395E3820097857F /* NewMeetingViewController.h */ = {isa = PBXFileReference; explicitFileType = sourcecode.c.objc; path = NewMeetingViewController.h; sourceTree = "<group>"; };
		A4EB3BE42395E3820097857F /* NewMeetingViewController.m */ = {isa = PBXFileReference; lastKnownFileType = sourcecode.c.objc; path = NewMeetingViewController.m; sourceTree = "<group>"; };
		A4EB3BFB239747640097857F /* Contact.h */ = {isa = PBXFileReference; explicitFileType = sourcecode.c.objc; path = Contact.h; sourceTree = "<group>"; };
		A4EB3BFC239747640097857F /* Contact.m */ = {isa = PBXFileReference; lastKnownFileType = sourcecode.c.objc; path = Contact.m; sourceTree = "<group>"; };
		A4EB3C11239754D40097857F /* ContactCollectionView.h */ = {isa = PBXFileReference; explicitFileType = sourcecode.c.objc; path = ContactCollectionView.h; sourceTree = "<group>"; };
		A4EB3C12239754D40097857F /* ContactCollectionView.m */ = {isa = PBXFileReference; lastKnownFileType = sourcecode.c.objc; path = ContactCollectionView.m; sourceTree = "<group>"; };
		A4EB3C1A2397DF9A0097857F /* NSString+NewFeatures.h */ = {isa = PBXFileReference; lastKnownFileType = sourcecode.c.h; path = "NSString+NewFeatures.h"; sourceTree = "<group>"; };
		A4EB3C1B2397DF9A0097857F /* NSString+NewFeatures.m */ = {isa = PBXFileReference; lastKnownFileType = sourcecode.c.objc; path = "NSString+NewFeatures.m"; sourceTree = "<group>"; };
		A4EB3C1D2397EAF60097857F /* ContactManager.h */ = {isa = PBXFileReference; explicitFileType = sourcecode.c.objc; path = ContactManager.h; sourceTree = "<group>"; };
		A4EB3C1E2397EAF60097857F /* ContactManager.m */ = {isa = PBXFileReference; lastKnownFileType = sourcecode.c.objc; path = ContactManager.m; sourceTree = "<group>"; };
		A4F4547923E8C2C800CFF2CE /* UIViewController+StatusBarBackground.h */ = {isa = PBXFileReference; lastKnownFileType = sourcecode.c.h; path = "UIViewController+StatusBarBackground.h"; sourceTree = "<group>"; };
		A4F4547A23E8C2C800CFF2CE /* UIViewController+StatusBarBackground.m */ = {isa = PBXFileReference; lastKnownFileType = sourcecode.c.objc; path = "UIViewController+StatusBarBackground.m"; sourceTree = "<group>"; };
		A4F4547E23E9B3A100CFF2CE /* UIView+CornerShadows.h */ = {isa = PBXFileReference; fileEncoding = 4; lastKnownFileType = sourcecode.c.h; path = "UIView+CornerShadows.h"; sourceTree = "<group>"; };
		A4F4547F23E9B3A100CFF2CE /* UIView+CornerShadows.m */ = {isa = PBXFileReference; fileEncoding = 4; lastKnownFileType = sourcecode.c.objc; path = "UIView+CornerShadows.m"; sourceTree = "<group>"; };
		A4F4548223E9DF7000CFF2CE /* en */ = {isa = PBXFileReference; lastKnownFileType = text.plist.strings; name = en; path = en.lproj/Profile.strings; sourceTree = "<group>"; };
		A4F4548423E9DF7300CFF2CE /* pt-BR */ = {isa = PBXFileReference; lastKnownFileType = text.plist.strings; name = "pt-BR"; path = "pt-BR.lproj/Profile.strings"; sourceTree = "<group>"; };
		A4F4548623E9DF7600CFF2CE /* es */ = {isa = PBXFileReference; lastKnownFileType = text.plist.strings; name = es; path = es.lproj/Profile.strings; sourceTree = "<group>"; };
		A4F4548723E9EBBF00CFF2CE /* UIAlertController+Loading.swift */ = {isa = PBXFileReference; lastKnownFileType = sourcecode.swift; path = "UIAlertController+Loading.swift"; sourceTree = "<group>"; };
		A4F8226E23CD0B59006AE7C8 /* en */ = {isa = PBXFileReference; lastKnownFileType = text.plist.strings; name = en; path = en.lproj/OnBoarding.strings; sourceTree = "<group>"; };
		A4F8227023CD0B5C006AE7C8 /* pt-BR */ = {isa = PBXFileReference; lastKnownFileType = text.plist.strings; name = "pt-BR"; path = "pt-BR.lproj/OnBoarding.strings"; sourceTree = "<group>"; };
		A4F8227223CD0B5E006AE7C8 /* es */ = {isa = PBXFileReference; lastKnownFileType = text.plist.strings; name = es; path = es.lproj/OnBoarding.strings; sourceTree = "<group>"; };
		E219ACC42397DED5002CF585 /* SelectColorViewController.swift */ = {isa = PBXFileReference; lastKnownFileType = sourcecode.swift; path = SelectColorViewController.swift; sourceTree = "<group>"; };
		E23F1FC023A2D99F00B5C7FC /* DescriptionTableViewManager.swift */ = {isa = PBXFileReference; lastKnownFileType = sourcecode.swift; path = DescriptionTableViewManager.swift; sourceTree = "<group>"; };
		E23F1FC223A2DA4300B5C7FC /* ConclusionInfoTableViewManager.swift */ = {isa = PBXFileReference; lastKnownFileType = sourcecode.swift; path = ConclusionInfoTableViewManager.swift; sourceTree = "<group>"; };
		E2637A7C239FDC3C006B732C /* ConclusionTableViewCell.h */ = {isa = PBXFileReference; lastKnownFileType = sourcecode.c.h; path = ConclusionTableViewCell.h; sourceTree = "<group>"; };
		E2637A7D239FDD13006B732C /* ConclusionTableViewCell.m */ = {isa = PBXFileReference; lastKnownFileType = sourcecode.c.objc; path = ConclusionTableViewCell.m; sourceTree = "<group>"; };
		E26A2BCC238D5BD700A956DE /* User.swift */ = {isa = PBXFileReference; lastKnownFileType = sourcecode.swift; path = User.swift; sourceTree = "<group>"; };
/* End PBXFileReference section */

/* Begin PBXFrameworksBuildPhase section */
		49EB44DB23871126002F434D /* Frameworks */ = {
			isa = PBXFrameworksBuildPhase;
			buildActionMask = 2147483647;
			files = (
				A4533FF7238C58060089257A /* CloudKit.framework in Frameworks */,
				497FB2AD23E207EB008059D9 /* StoreKit.framework in Frameworks */,
			);
			runOnlyForDeploymentPostprocessing = 0;
		};
/* End PBXFrameworksBuildPhase section */

/* Begin PBXGroup section */
		235E7B84238DA93500B59855 /* ViewControllers */ = {
			isa = PBXGroup;
			children = (
				A44CC31923DB841F005ECFF6 /* DetailsTableViewController.h */,
				A44CC31A23DB841F005ECFF6 /* DetailsTableViewController.m */,
				497FB2BD23E8B934008059D9 /* PremiumTableTableViewController.swift */,
				A44CC30C23D8ADFA005ECFF6 /* DetailsTableViewController+UpdateMeeting.swift */,
				A4EB3BE32395E3820097857F /* NewMeetingViewController.h */,
				A4EB3BE42395E3820097857F /* NewMeetingViewController.m */,
				A4382C7623C2BD7E0021C814 /* ContactViewController.swift */,
				239153232391883E00479BB6 /* FinishedMeetingViewController.swift */,
				A447CC8423D0EFC800A06D01 /* UnfinishedMeetingViewController.swift */,
				231AE149239828170051051C /* MyMeetingsViewController.swift */,
				A4EB3BE22395E3820097857F /* MeetingiOS-Bridging-Header.h */,
				E219ACC42397DED5002CF585 /* SelectColorViewController.swift */,
				A4382C7423C2BD330021C814 /* LoginViewController.swift */,
				492C050323A1818500442814 /* ProfileViewController.swift */,
				492C051923A2907A00442814 /* OnBoardingViewController.swift */,
				2391532823919F2E00479BB6 /* ConclusionsViewController.swift */,
			);
			path = ViewControllers;
			sourceTree = "<group>";
		};
		2391532523918E2400479BB6 /* TableViewCells */ = {
			isa = PBXGroup;
			children = (
				E2637A7C239FDC3C006B732C /* ConclusionTableViewCell.h */,
				E2637A7D239FDD13006B732C /* ConclusionTableViewCell.m */,
				A4C5BE8B23A2C105002BE4B9 /* ContactTableViewCell.swift */,
				A4C5BE8C23A2C105002BE4B9 /* ContactTableViewCell.xib */,
				23E7E12F2397D5FE00B99A09 /* FinishedTopicsTableViewCell.h */,
				23E7E1302397D5FE00B99A09 /* FinishedTopicsTableViewCell.m */,
				49BC44C4239FD913007A85E2 /* MyMeetingsTableViewCell.swift */,
				A4E1EA0E23E35D9500B2B32A /* OnboardingCells */,
				23E7E12C2397D46900B99A09 /* UnfinishedTopicsTableViewCell.h */,
				23E7E12D2397D46900B99A09 /* UnfinishedTopicsTableViewCell.m */,
			);
			path = TableViewCells;
			sourceTree = "<group>";
		};
		49A59B1723E1BB83003F749C /* AppStore */ = {
			isa = PBXGroup;
			children = (
				49A59B1523E0BC9A003F749C /* StoreManager.swift */,
				49A59B1323E0B993003F749C /* MeetingsProducts.swift */,
			);
			path = AppStore;
			sourceTree = "<group>";
		};
		49EB44D523871126002F434D = {
			isa = PBXGroup;
			children = (
				49EB44E023871126002F434D /* MeetingiOS */,
				49EB44DF23871126002F434D /* Products */,
				A4533FF5238C58060089257A /* Frameworks */,
			);
			sourceTree = "<group>";
		};
		49EB44DF23871126002F434D /* Products */ = {
			isa = PBXGroup;
			children = (
				49EB44DE23871126002F434D /* MeetingiOS.app */,
			);
			name = Products;
			sourceTree = "<group>";
		};
		49EB44E023871126002F434D /* MeetingiOS */ = {
			isa = PBXGroup;
			children = (
				A4922A0F23A728FB00FD95B9 /* San Francisco Font */,
				A4533FF4238C58020089257A /* MeetingiOS.entitlements */,
				49EB44F223871128002F434D /* Info.plist */,
				49EB44E123871126002F434D /* AppDelegate.swift */,
				49EB44E323871126002F434D /* SceneDelegate.swift */,
				49F09A592399819500B7DFD3 /* Localizable.strings */,
				49EB44ED23871128002F434D /* Assets.xcassets */,
				49EB44EF23871128002F434D /* LaunchScreen.storyboard */,
				A4EB3BEB239607CB0097857F /* Categories - ObjC */,
				A4533FFA238C67F50089257A /* CloudKit */,
				A4EB3C0F2397522A0097857F /* CollectionViewCells */,
				49A59B1723E1BB83003F749C /* AppStore */,
				A45097B0238D95F9009AB71E /* Multipeer Connectivity */,
				A4EB3BE12395E1700097857F /* Storyboards */,
				2391532523918E2400479BB6 /* TableViewCells */,
				235E7B84238DA93500B59855 /* ViewControllers */,
				A4EB3BFA239747000097857F /* Utils */,
			);
			path = MeetingiOS;
			sourceTree = "<group>";
		};
		A44CC30F23D8FC2F005ECFF6 /* TopicsPersonPickerView */ = {
			isa = PBXGroup;
			children = (
				A44CC2F823D615B1005ECFF6 /* TopicsPerPersonPickerView.h */,
				A44CC2F923D615B1005ECFF6 /* TopicsPerPersonPickerView.m */,
			);
			path = TopicsPersonPickerView;
			sourceTree = "<group>";
		};
		A44CC31023D8FC47005ECFF6 /* EventManager */ = {
			isa = PBXGroup;
			children = (
				496C515A239893F2000EF74F /* EventManager.h */,
				496C515B239893F2000EF74F /* EventManager.m */,
			);
			path = EventManager;
			sourceTree = "<group>";
		};
		A44CC31123D8FC54005ECFF6 /* ContactManager */ = {
			isa = PBXGroup;
			children = (
				A4EB3C1D2397EAF60097857F /* ContactManager.h */,
				A4EB3C1E2397EAF60097857F /* ContactManager.m */,
			);
			path = ContactManager;
			sourceTree = "<group>";
		};
		A44CC31223D8FC5D005ECFF6 /* ContactCollectionView */ = {
			isa = PBXGroup;
			children = (
				A4EB3C11239754D40097857F /* ContactCollectionView.h */,
				A4EB3C12239754D40097857F /* ContactCollectionView.m */,
			);
			path = ContactCollectionView;
			sourceTree = "<group>";
		};
		A44CC31323D8FC6B005ECFF6 /* Contact */ = {
			isa = PBXGroup;
			children = (
				A4EB3BFB239747640097857F /* Contact.h */,
				A4EB3BFC239747640097857F /* Contact.m */,
			);
			path = Contact;
			sourceTree = "<group>";
		};
		A45097B0238D95F9009AB71E /* Multipeer Connectivity */ = {
			isa = PBXGroup;
			children = (
				A4BCAD1D23E5075600470E95 /* TvsTableViewData.swift */,
				A4BCAD1523E4F38A00470E95 /* TVsTableView.xib */,
				A4BCAD1723E4F46B00470E95 /* TvsTableView.swift */,
				A4BCAD1923E5043100470E95 /* TvTableViewCell.swift */,
				A4BCAD1A23E5043100470E95 /* TvTableViewCell.xib */,
				A45097AE238D95F4009AB71E /* MeetingBrowserPeer.swift */,
			);
			path = "Multipeer Connectivity";
			sourceTree = "<group>";
		};
		A4533FF5238C58060089257A /* Frameworks */ = {
			isa = PBXGroup;
			children = (
				497FB2AC23E207EB008059D9 /* StoreKit.framework */,
				A4533FF6238C58060089257A /* CloudKit.framework */,
			);
			name = Frameworks;
			sourceTree = "<group>";
		};
		A4533FFA238C67F50089257A /* CloudKit */ = {
			isa = PBXGroup;
			children = (
				49CB4C46238D6C6500DFDAD4 /* CloudManager.swift */,
				A4533FF8238C67F00089257A /* Meeting.swift */,
				235E7B82238D9CA900B59855 /* Topic.swift */,
				E26A2BCC238D5BD700A956DE /* User.swift */,
			);
			path = CloudKit;
			sourceTree = "<group>";
		};
		A4922A0F23A728FB00FD95B9 /* San Francisco Font */ = {
			isa = PBXGroup;
			children = (
				A4922A1023A728FB00FD95B9 /* SFProText-Medium.ttf */,
				A4922A1123A728FB00FD95B9 /* SFProText-Heavy.ttf */,
				A4922A1223A728FB00FD95B9 /* SFProDisplay-Ultralight.ttf */,
				A4922A1323A728FB00FD95B9 /* SFProText-Semibold.ttf */,
				A4922A1423A728FB00FD95B9 /* SFProText-Regular.ttf */,
				A4922A1523A728FB00FD95B9 /* SFProDisplay-Medium.ttf */,
				A4922A1623A728FB00FD95B9 /* SFProDisplay-Black.ttf */,
				A4922A1723A728FB00FD95B9 /* SFProText-Light.ttf */,
				A4922A1823A728FB00FD95B9 /* SFProDisplay-Light.ttf */,
				A4922A1923A728FB00FD95B9 /* SFProDisplay-Regular.ttf */,
				A4922A1A23A728FB00FD95B9 /* SFProDisplay-Bold.ttf */,
				A4922A1B23A728FB00FD95B9 /* SFProText-Bold.ttf */,
				A4922A1C23A728FB00FD95B9 /* SFProDisplay-Semibold.ttf */,
				A4922A1D23A728FB00FD95B9 /* SFProDisplay-Heavy.ttf */,
				A4922A1E23A728FB00FD95B9 /* SFProDisplay-Thin.ttf */,
			);
			path = "San Francisco Font";
			sourceTree = "<group>";
		};
		A4E1EA0E23E35D9500B2B32A /* OnboardingCells */ = {
			isa = PBXGroup;
			children = (
				A4E1EA0C23E35D8A00B2B32A /* ContinueOnboardingTableViewCell.swift */,
				A4E1EA0A23E34F3E00B2B32A /* WelcomeOnboardingTableViewCell.swift */,
				A4E1EA0623E34CFD00B2B32A /* OnboardingTableViewCell.swift */,
				A4E1EA0723E34CFD00B2B32A /* OnboardingTableViewCell.xib */,
			);
			path = OnboardingCells;
			sourceTree = "<group>";
		};
		A4EB3BE12395E1700097857F /* Storyboards */ = {
			isa = PBXGroup;
			children = (
				49F09A6A2399827100B7DFD3 /* MyMeetings.storyboard */,
				49F09A72239982A600B7DFD3 /* FinishedMeeting.storyboard */,
				49F09A7A239982C600B7DFD3 /* UnfinishedMeeting.storyboard */,
				49F09A82239982FA00B7DFD3 /* Contact.storyboard */,
				49F09A8A2399831800B7DFD3 /* NewMeeting.storyboard */,
				A4BA9B1A23CE276E00CCC2AF /* Details.storyboard */,
				49F09AC32399A18000B7DFD3 /* SelectAColor.storyboard */,
				492C050723A1819F00442814 /* Profile.storyboard */,
				492C051223A2904800442814 /* OnBoarding.storyboard */,
				49A4652923D09FF6006D67D8 /* Login.storyboard */,
				497FB2B623E4C1C3008059D9 /* Premium.storyboard */,
			);
			path = Storyboards;
			sourceTree = "<group>";
		};
		A4EB3BEB239607CB0097857F /* Categories - ObjC */ = {
			isa = PBXGroup;
			children = (
				A44CC30923D889BA005ECFF6 /* DetailsTableViewController+TextFieldName.h */,
				A44CC30A23D889BA005ECFF6 /* DetailsTableViewController+TextFieldName.m */,
				A4284635239982BF0044C33E /* NewMeetingViewController+NameMeetingValidation.h */,
				A4284636239982BF0044C33E /* NewMeetingViewController+NameMeetingValidation.m */,
				A4EB3C1A2397DF9A0097857F /* NSString+NewFeatures.h */,
				A4EB3C1B2397DF9A0097857F /* NSString+NewFeatures.m */,
				A4F4547E23E9B3A100CFF2CE /* UIView+CornerShadows.h */,
				A4F4547F23E9B3A100CFF2CE /* UIView+CornerShadows.m */,
				A4F4547923E8C2C800CFF2CE /* UIViewController+StatusBarBackground.h */,
				A4F4547A23E8C2C800CFF2CE /* UIViewController+StatusBarBackground.m */,
			);
			path = "Categories - ObjC";
			sourceTree = "<group>";
		};
		A4EB3BFA239747000097857F /* Utils */ = {
			isa = PBXGroup;
			children = (
				A47E234523ECF70600A1C9CC /* TableViewNoResults.swift */,
				A47E234223ECF50E00A1C9CC /* TableViewNoResults.xib */,
				E23F1FC223A2DA4300B5C7FC /* ConclusionInfoTableViewManager.swift */,
				E23F1FC023A2D99F00B5C7FC /* DescriptionTableViewManager.swift */,
				A44CC31823DA913D005ECFF6 /* TypeUpdateUser.h */,
				A44CC30E23D8D4F7005ECFF6 /* MeetingDelegate.h */,
				49BF5F9323DF652600DD56DC /* TableView+Gradient.swift */,
				A49229ED23A3323500FD95B9 /* ContactTableView.swift */,
				A44CC31623D8FD67005ECFF6 /* DetailsNewMeetingManager.swift */,
				A4F4548723E9EBBF00CFF2CE /* UIAlertController+Loading.swift */,
				A44CC2FE23D77555005ECFF6 /* DatePickersSetup.swift */,
				492C04FF23A1587C00442814 /* ViewController+SearchController.swift */,
				A44CC31323D8FC6B005ECFF6 /* Contact */,
				A44CC31223D8FC5D005ECFF6 /* ContactCollectionView */,
				A44CC31123D8FC54005ECFF6 /* ContactManager */,
				A44CC31023D8FC47005ECFF6 /* EventManager */,
				A44CC30F23D8FC2F005ECFF6 /* TopicsPersonPickerView */,
			);
			path = Utils;
			sourceTree = "<group>";
		};
		A4EB3C0F2397522A0097857F /* CollectionViewCells */ = {
			isa = PBXGroup;
			children = (
				A4382CA123C51BDC0021C814 /* ContactCollectionViewCell.xib */,
				A4C5BE9123A2E6B5002BE4B9 /* ContactCollectionViewCell.h */,
				A4C5BE9223A2E6B5002BE4B9 /* ContactCollectionViewCell.m */,
			);
			path = CollectionViewCells;
			sourceTree = "<group>";
		};
/* End PBXGroup section */

/* Begin PBXNativeTarget section */
		49EB44DD23871126002F434D /* MeetingiOS */ = {
			isa = PBXNativeTarget;
			buildConfigurationList = 49EB44F523871128002F434D /* Build configuration list for PBXNativeTarget "MeetingiOS" */;
			buildPhases = (
				49EB44DA23871126002F434D /* Sources */,
				49EB44DB23871126002F434D /* Frameworks */,
				49EB44DC23871126002F434D /* Resources */,
			);
			buildRules = (
			);
			dependencies = (
			);
			name = MeetingiOS;
			productName = MeetingiOS;
			productReference = 49EB44DE23871126002F434D /* MeetingiOS.app */;
			productType = "com.apple.product-type.application";
		};
/* End PBXNativeTarget section */

/* Begin PBXProject section */
		49EB44D623871126002F434D /* Project object */ = {
			isa = PBXProject;
			attributes = {
				LastSwiftUpdateCheck = 1120;
				LastUpgradeCheck = 1120;
				ORGANIZATIONNAME = "Bernardo Nunes";
				TargetAttributes = {
					49EB44DD23871126002F434D = {
						CreatedOnToolsVersion = 11.2.1;
						LastSwiftMigration = 1120;
					};
				};
			};
			buildConfigurationList = 49EB44D923871126002F434D /* Build configuration list for PBXProject "MeetingiOS" */;
			compatibilityVersion = "Xcode 9.3";
			developmentRegion = en;
			hasScannedForEncodings = 0;
			knownRegions = (
				en,
				Base,
				"pt-BR",
				es,
			);
			mainGroup = 49EB44D523871126002F434D;
			productRefGroup = 49EB44DF23871126002F434D /* Products */;
			projectDirPath = "";
			projectRoot = "";
			targets = (
				49EB44DD23871126002F434D /* MeetingiOS */,
			);
		};
/* End PBXProject section */

/* Begin PBXResourcesBuildPhase section */
		49EB44DC23871126002F434D /* Resources */ = {
			isa = PBXResourcesBuildPhase;
			buildActionMask = 2147483647;
			files = (
				A4922A2723A728FB00FD95B9 /* SFProDisplay-Light.ttf in Resources */,
				A4BCAD1623E4F38A00470E95 /* TVsTableView.xib in Resources */,
				A4922A2A23A728FB00FD95B9 /* SFProText-Bold.ttf in Resources */,
				A4922A2B23A728FB00FD95B9 /* SFProDisplay-Semibold.ttf in Resources */,
				A4922A1F23A728FB00FD95B9 /* SFProText-Medium.ttf in Resources */,
				492C051023A2904800442814 /* OnBoarding.storyboard in Resources */,
				A4922A2423A728FB00FD95B9 /* SFProDisplay-Medium.ttf in Resources */,
				A4922A2523A728FB00FD95B9 /* SFProDisplay-Black.ttf in Resources */,
				A4BA9B1823CE276E00CCC2AF /* Details.storyboard in Resources */,
				497FB2B423E4C1C3008059D9 /* Premium.storyboard in Resources */,
				A4922A2D23A728FB00FD95B9 /* SFProDisplay-Thin.ttf in Resources */,
				A4922A2123A728FB00FD95B9 /* SFProDisplay-Ultralight.ttf in Resources */,
				A4E1EA0923E34CFD00B2B32A /* OnboardingTableViewCell.xib in Resources */,
				A4922A2023A728FB00FD95B9 /* SFProText-Heavy.ttf in Resources */,
				49F09ACD2399A1C100B7DFD3 /* UnfinishedMeeting.storyboard in Resources */,
				A4922A2323A728FB00FD95B9 /* SFProText-Regular.ttf in Resources */,
				49A4652723D09FF6006D67D8 /* Login.storyboard in Resources */,
				A47E234323ECF50E00A1C9CC /* TableViewNoResults.xib in Resources */,
				A4BCAD1C23E5043100470E95 /* TvTableViewCell.xib in Resources */,
				492C050523A1819F00442814 /* Profile.storyboard in Resources */,
				49F09AD02399A1CB00B7DFD3 /* SelectAColor.storyboard in Resources */,
				A4922A2223A728FB00FD95B9 /* SFProText-Semibold.ttf in Resources */,
				A4922A2C23A728FB00FD95B9 /* SFProDisplay-Heavy.ttf in Resources */,
				A4922A2923A728FB00FD95B9 /* SFProDisplay-Bold.ttf in Resources */,
				49EB44F123871128002F434D /* LaunchScreen.storyboard in Resources */,
				49F09ACB2399A1BA00B7DFD3 /* MyMeetings.storyboard in Resources */,
				A4382CA223C51BDD0021C814 /* ContactCollectionViewCell.xib in Resources */,
				49EB44EE23871128002F434D /* Assets.xcassets in Resources */,
				49F09ACC2399A1BE00B7DFD3 /* FinishedMeeting.storyboard in Resources */,
				A4382CAE23CCEAF40021C814 /* Localizable.strings in Resources */,
				A447CC8923D0F23C00A06D01 /* ContactTableViewCell.xib in Resources */,
				A4922A2823A728FB00FD95B9 /* SFProDisplay-Regular.ttf in Resources */,
				A4922A2623A728FB00FD95B9 /* SFProText-Light.ttf in Resources */,
				49F09ACE2399A1C400B7DFD3 /* Contact.storyboard in Resources */,
				49F09ACF2399A1C700B7DFD3 /* NewMeeting.storyboard in Resources */,
			);
			runOnlyForDeploymentPostprocessing = 0;
		};
/* End PBXResourcesBuildPhase section */

/* Begin PBXSourcesBuildPhase section */
		49EB44DA23871126002F434D /* Sources */ = {
			isa = PBXSourcesBuildPhase;
			buildActionMask = 2147483647;
			files = (
				A44CC31723D8FD67005ECFF6 /* DetailsNewMeetingManager.swift in Sources */,
				A4533FF9238C67F00089257A /* Meeting.swift in Sources */,
				492C050023A1587C00442814 /* ViewController+SearchController.swift in Sources */,
				E23F1FC123A2D99F00B5C7FC /* DescriptionTableViewManager.swift in Sources */,
				A47E234623ECF70600A1C9CC /* TableViewNoResults.swift in Sources */,
				496C515C239893F2000EF74F /* EventManager.m in Sources */,
				A49229EE23A3323500FD95B9 /* ContactTableView.swift in Sources */,
				2391532923919F2E00479BB6 /* ConclusionsViewController.swift in Sources */,
				239153242391883E00479BB6 /* FinishedMeetingViewController.swift in Sources */,
				A4EB3BE52395E3820097857F /* NewMeetingViewController.m in Sources */,
				A4F4547B23E8C2C800CFF2CE /* UIViewController+StatusBarBackground.m in Sources */,
				A44CC31B23DB841F005ECFF6 /* DetailsTableViewController.m in Sources */,
				A4F4548823E9EBBF00CFF2CE /* UIAlertController+Loading.swift in Sources */,
				A4EB3C1F2397EAF60097857F /* ContactManager.m in Sources */,
				E219ACC52397DED5002CF585 /* SelectColorViewController.swift in Sources */,
				E26A2BCD238D5BD700A956DE /* User.swift in Sources */,
				A44CC30D23D8ADFA005ECFF6 /* DetailsTableViewController+UpdateMeeting.swift in Sources */,
				A4F4548023E9B3A100CFF2CE /* UIView+CornerShadows.m in Sources */,
				49A59B1423E0B993003F749C /* MeetingsProducts.swift in Sources */,
				492C051A23A2907A00442814 /* OnBoardingViewController.swift in Sources */,
				497FB2BE23E8B934008059D9 /* PremiumTableTableViewController.swift in Sources */,
				A4284637239982BF0044C33E /* NewMeetingViewController+NameMeetingValidation.m in Sources */,
				A4C5BE9423A2E6B5002BE4B9 /* ContactCollectionViewCell.m in Sources */,
				A4EB3C1C2397DF9A0097857F /* NSString+NewFeatures.m in Sources */,
				49BC44C5239FD913007A85E2 /* MyMeetingsTableViewCell.swift in Sources */,
				49A59B1623E0BC9A003F749C /* StoreManager.swift in Sources */,
				49BF5F9423DF652600DD56DC /* TableView+Gradient.swift in Sources */,
				A4BCAD1823E4F46B00470E95 /* TvsTableView.swift in Sources */,
				E23F1FC323A2DA4300B5C7FC /* ConclusionInfoTableViewManager.swift in Sources */,
				A4E1EA0823E34CFD00B2B32A /* OnboardingTableViewCell.swift in Sources */,
				A44CC30B23D889BA005ECFF6 /* DetailsTableViewController+TextFieldName.m in Sources */,
				23E7E1312397D5FE00B99A09 /* FinishedTopicsTableViewCell.m in Sources */,
				E2637A7E239FDD13006B732C /* ConclusionTableViewCell.m in Sources */,
				A4BCAD1B23E5043100470E95 /* TvTableViewCell.swift in Sources */,
				A4BCAD1E23E5075600470E95 /* TvsTableViewData.swift in Sources */,
				49CB4C47238D6C6500DFDAD4 /* CloudManager.swift in Sources */,
				A4E1EA0D23E35D8A00B2B32A /* ContinueOnboardingTableViewCell.swift in Sources */,
				A45097AF238D95F4009AB71E /* MeetingBrowserPeer.swift in Sources */,
				23E7E12E2397D46900B99A09 /* UnfinishedTopicsTableViewCell.m in Sources */,
				A44CC2FA23D615B1005ECFF6 /* TopicsPerPersonPickerView.m in Sources */,
				49EB44E223871126002F434D /* AppDelegate.swift in Sources */,
				A4EB3C13239754D40097857F /* ContactCollectionView.m in Sources */,
				A44CC2FF23D77555005ECFF6 /* DatePickersSetup.swift in Sources */,
				A4382C7723C2BD7E0021C814 /* ContactViewController.swift in Sources */,
				A447CC8523D0EFC800A06D01 /* UnfinishedMeetingViewController.swift in Sources */,
				A4382C7523C2BD330021C814 /* LoginViewController.swift in Sources */,
				49EB44E423871126002F434D /* SceneDelegate.swift in Sources */,
				231AE14A239828170051051C /* MyMeetingsViewController.swift in Sources */,
				A4E1EA0B23E34F3E00B2B32A /* WelcomeOnboardingTableViewCell.swift in Sources */,
				A4C5BE8D23A2C105002BE4B9 /* ContactTableViewCell.swift in Sources */,
				235E7B83238D9CA900B59855 /* Topic.swift in Sources */,
				492C050423A1818500442814 /* ProfileViewController.swift in Sources */,
				A4EB3BFD239747640097857F /* Contact.m in Sources */,
			);
			runOnlyForDeploymentPostprocessing = 0;
		};
/* End PBXSourcesBuildPhase section */

/* Begin PBXVariantGroup section */
		492C050723A1819F00442814 /* Profile.storyboard */ = {
			isa = PBXVariantGroup;
			children = (
				492C050623A1819F00442814 /* Base */,
				A4F4548223E9DF7000CFF2CE /* en */,
				A4F4548423E9DF7300CFF2CE /* pt-BR */,
				A4F4548623E9DF7600CFF2CE /* es */,
			);
			name = Profile.storyboard;
			sourceTree = "<group>";
		};
		492C051223A2904800442814 /* OnBoarding.storyboard */ = {
			isa = PBXVariantGroup;
			children = (
				492C051123A2904800442814 /* Base */,
				A4F8226E23CD0B59006AE7C8 /* en */,
				A4F8227023CD0B5C006AE7C8 /* pt-BR */,
				A4F8227223CD0B5E006AE7C8 /* es */,
			);
			name = OnBoarding.storyboard;
			sourceTree = "<group>";
		};
		497FB2B623E4C1C3008059D9 /* Premium.storyboard */ = {
			isa = PBXVariantGroup;
			children = (
				497FB2B523E4C1C3008059D9 /* Base */,
				497FB2B823E4C1C6008059D9 /* en */,
				497FB2BA23E4C1C8008059D9 /* pt-BR */,
				497FB2BC23E4C1C9008059D9 /* es */,
			);
			name = Premium.storyboard;
			sourceTree = "<group>";
		};
		49A4652923D09FF6006D67D8 /* Login.storyboard */ = {
			isa = PBXVariantGroup;
			children = (
				49A4652823D09FF6006D67D8 /* Base */,
				A4BCAD0E23E4A3B900470E95 /* es */,
				A4BCAD1023E4A3BC00470E95 /* pt-BR */,
				A4BCAD1223E4A3BF00470E95 /* en */,
			);
			name = Login.storyboard;
			sourceTree = "<group>";
		};
		49EB44EF23871128002F434D /* LaunchScreen.storyboard */ = {
			isa = PBXVariantGroup;
			children = (
				49EB44F023871128002F434D /* Base */,
				49F09A5A2399821600B7DFD3 /* pt-BR */,
				49F09A5C2399822600B7DFD3 /* es */,
				49F09A622399825600B7DFD3 /* en */,
			);
			name = LaunchScreen.storyboard;
			sourceTree = "<group>";
		};
		49F09A592399819500B7DFD3 /* Localizable.strings */ = {
			isa = PBXVariantGroup;
			children = (
				49F09A582399819500B7DFD3 /* en */,
				49F09A5B2399821600B7DFD3 /* pt-BR */,
				49F09A5D2399822600B7DFD3 /* es */,
			);
			name = Localizable.strings;
			sourceTree = "<group>";
		};
		49F09A6A2399827100B7DFD3 /* MyMeetings.storyboard */ = {
			isa = PBXVariantGroup;
			children = (
				49F09A6F2399827800B7DFD3 /* Base */,
				A482CAC223E09D6300C945E1 /* es */,
				A482CAC423E09D6600C945E1 /* pt-BR */,
				A482CAC623E09D6900C945E1 /* en */,
			);
			name = MyMeetings.storyboard;
			sourceTree = "<group>";
		};
		49F09A72239982A600B7DFD3 /* FinishedMeeting.storyboard */ = {
			isa = PBXVariantGroup;
			children = (
				49F09A73239982AF00B7DFD3 /* Base */,
				49F09A75239982BB00B7DFD3 /* pt-BR */,
				49F09A77239982BC00B7DFD3 /* es */,
				49F09ABB2399A16900B7DFD3 /* en */,
			);
			name = FinishedMeeting.storyboard;
			sourceTree = "<group>";
		};
		49F09A7A239982C600B7DFD3 /* UnfinishedMeeting.storyboard */ = {
			isa = PBXVariantGroup;
			children = (
				49F09A7B239982CF00B7DFD3 /* Base */,
				49F09A7D239982D400B7DFD3 /* pt-BR */,
				49F09A7F239982D500B7DFD3 /* es */,
				49F09ABD2399A16E00B7DFD3 /* en */,
			);
			name = UnfinishedMeeting.storyboard;
			sourceTree = "<group>";
		};
		49F09A82239982FA00B7DFD3 /* Contact.storyboard */ = {
			isa = PBXVariantGroup;
			children = (
				49F09A83239982FF00B7DFD3 /* Base */,
				A482CABB23E089D300C945E1 /* en */,
				A482CABD23E089D500C945E1 /* pt-BR */,
				A482CABF23E089D800C945E1 /* es */,
			);
			name = Contact.storyboard;
			sourceTree = "<group>";
		};
		49F09A8A2399831800B7DFD3 /* NewMeeting.storyboard */ = {
			isa = PBXVariantGroup;
			children = (
				49F09A8B2399831D00B7DFD3 /* Base */,
				A4382CB023CCEE4F0021C814 /* en */,
				A4382CB223CCEE6C0021C814 /* pt-BR */,
				A4382CB423CCEE720021C814 /* es */,
			);
			name = NewMeeting.storyboard;
			sourceTree = "<group>";
		};
		49F09AC32399A18000B7DFD3 /* SelectAColor.storyboard */ = {
			isa = PBXVariantGroup;
			children = (
				49F09AC42399A18500B7DFD3 /* Base */,
				49F09AC62399A18700B7DFD3 /* pt-BR */,
				49F09AC82399A18800B7DFD3 /* es */,
				49F09ACA2399A1B100B7DFD3 /* en */,
			);
			name = SelectAColor.storyboard;
			sourceTree = "<group>";
		};
		A4BA9B1A23CE276E00CCC2AF /* Details.storyboard */ = {
			isa = PBXVariantGroup;
			children = (
				A4BA9B1923CE276E00CCC2AF /* Base */,
				A44CC30423D79C04005ECFF6 /* en */,
				A44CC30623D79C08005ECFF6 /* pt-BR */,
				A44CC30823D79C0A005ECFF6 /* es */,
			);
			name = Details.storyboard;
			sourceTree = "<group>";
		};
/* End PBXVariantGroup section */

/* Begin XCBuildConfiguration section */
		49EB44F323871128002F434D /* Debug */ = {
			isa = XCBuildConfiguration;
			buildSettings = {
				ALWAYS_SEARCH_USER_PATHS = NO;
				CLANG_ANALYZER_LOCALIZABILITY_NONLOCALIZED = YES;
				CLANG_ANALYZER_NONNULL = YES;
				CLANG_ANALYZER_NUMBER_OBJECT_CONVERSION = YES_AGGRESSIVE;
				CLANG_CXX_LANGUAGE_STANDARD = "gnu++14";
				CLANG_CXX_LIBRARY = "libc++";
				CLANG_ENABLE_MODULES = YES;
				CLANG_ENABLE_OBJC_ARC = YES;
				CLANG_ENABLE_OBJC_WEAK = YES;
				CLANG_WARN_BLOCK_CAPTURE_AUTORELEASING = YES;
				CLANG_WARN_BOOL_CONVERSION = YES;
				CLANG_WARN_COMMA = YES;
				CLANG_WARN_CONSTANT_CONVERSION = YES;
				CLANG_WARN_DEPRECATED_OBJC_IMPLEMENTATIONS = YES;
				CLANG_WARN_DIRECT_OBJC_ISA_USAGE = YES_ERROR;
				CLANG_WARN_DOCUMENTATION_COMMENTS = YES;
				CLANG_WARN_EMPTY_BODY = YES;
				CLANG_WARN_ENUM_CONVERSION = YES;
				CLANG_WARN_INFINITE_RECURSION = YES;
				CLANG_WARN_INT_CONVERSION = YES;
				CLANG_WARN_NON_LITERAL_NULL_CONVERSION = YES;
				CLANG_WARN_OBJC_IMPLICIT_RETAIN_SELF = YES;
				CLANG_WARN_OBJC_LITERAL_CONVERSION = YES;
				CLANG_WARN_OBJC_ROOT_CLASS = YES_ERROR;
				CLANG_WARN_RANGE_LOOP_ANALYSIS = YES;
				CLANG_WARN_STRICT_PROTOTYPES = YES;
				CLANG_WARN_SUSPICIOUS_MOVE = YES;
				CLANG_WARN_UNGUARDED_AVAILABILITY = YES_AGGRESSIVE;
				CLANG_WARN_UNREACHABLE_CODE = YES;
				CLANG_WARN__DUPLICATE_METHOD_MATCH = YES;
				COPY_PHASE_STRIP = NO;
				DEBUG_INFORMATION_FORMAT = dwarf;
				ENABLE_STRICT_OBJC_MSGSEND = YES;
				ENABLE_TESTABILITY = YES;
				GCC_C_LANGUAGE_STANDARD = gnu11;
				GCC_DYNAMIC_NO_PIC = NO;
				GCC_NO_COMMON_BLOCKS = YES;
				GCC_OPTIMIZATION_LEVEL = 0;
				GCC_PREPROCESSOR_DEFINITIONS = (
					"DEBUG=1",
					"$(inherited)",
				);
				GCC_WARN_64_TO_32_BIT_CONVERSION = YES;
				GCC_WARN_ABOUT_RETURN_TYPE = YES_ERROR;
				GCC_WARN_UNDECLARED_SELECTOR = YES;
				GCC_WARN_UNINITIALIZED_AUTOS = YES_AGGRESSIVE;
				GCC_WARN_UNUSED_FUNCTION = YES;
				GCC_WARN_UNUSED_VARIABLE = YES;
				IPHONEOS_DEPLOYMENT_TARGET = 13.2;
				MTL_ENABLE_DEBUG_INFO = INCLUDE_SOURCE;
				MTL_FAST_MATH = YES;
				ONLY_ACTIVE_ARCH = YES;
				OTHER_SWIFT_FLAGS = "-enable-bridging-pch";
				SDKROOT = iphoneos;
				SWIFT_ACTIVE_COMPILATION_CONDITIONS = DEBUG;
				SWIFT_OPTIMIZATION_LEVEL = "-Onone";
			};
			name = Debug;
		};
		49EB44F423871128002F434D /* Release */ = {
			isa = XCBuildConfiguration;
			buildSettings = {
				ALWAYS_SEARCH_USER_PATHS = NO;
				CLANG_ANALYZER_LOCALIZABILITY_NONLOCALIZED = YES;
				CLANG_ANALYZER_NONNULL = YES;
				CLANG_ANALYZER_NUMBER_OBJECT_CONVERSION = YES_AGGRESSIVE;
				CLANG_CXX_LANGUAGE_STANDARD = "gnu++14";
				CLANG_CXX_LIBRARY = "libc++";
				CLANG_ENABLE_MODULES = YES;
				CLANG_ENABLE_OBJC_ARC = YES;
				CLANG_ENABLE_OBJC_WEAK = YES;
				CLANG_WARN_BLOCK_CAPTURE_AUTORELEASING = YES;
				CLANG_WARN_BOOL_CONVERSION = YES;
				CLANG_WARN_COMMA = YES;
				CLANG_WARN_CONSTANT_CONVERSION = YES;
				CLANG_WARN_DEPRECATED_OBJC_IMPLEMENTATIONS = YES;
				CLANG_WARN_DIRECT_OBJC_ISA_USAGE = YES_ERROR;
				CLANG_WARN_DOCUMENTATION_COMMENTS = YES;
				CLANG_WARN_EMPTY_BODY = YES;
				CLANG_WARN_ENUM_CONVERSION = YES;
				CLANG_WARN_INFINITE_RECURSION = YES;
				CLANG_WARN_INT_CONVERSION = YES;
				CLANG_WARN_NON_LITERAL_NULL_CONVERSION = YES;
				CLANG_WARN_OBJC_IMPLICIT_RETAIN_SELF = YES;
				CLANG_WARN_OBJC_LITERAL_CONVERSION = YES;
				CLANG_WARN_OBJC_ROOT_CLASS = YES_ERROR;
				CLANG_WARN_RANGE_LOOP_ANALYSIS = YES;
				CLANG_WARN_STRICT_PROTOTYPES = YES;
				CLANG_WARN_SUSPICIOUS_MOVE = YES;
				CLANG_WARN_UNGUARDED_AVAILABILITY = YES_AGGRESSIVE;
				CLANG_WARN_UNREACHABLE_CODE = YES;
				CLANG_WARN__DUPLICATE_METHOD_MATCH = YES;
				COPY_PHASE_STRIP = NO;
				DEBUG_INFORMATION_FORMAT = "dwarf-with-dsym";
				ENABLE_NS_ASSERTIONS = NO;
				ENABLE_STRICT_OBJC_MSGSEND = YES;
				GCC_C_LANGUAGE_STANDARD = gnu11;
				GCC_NO_COMMON_BLOCKS = YES;
				GCC_WARN_64_TO_32_BIT_CONVERSION = YES;
				GCC_WARN_ABOUT_RETURN_TYPE = YES_ERROR;
				GCC_WARN_UNDECLARED_SELECTOR = YES;
				GCC_WARN_UNINITIALIZED_AUTOS = YES_AGGRESSIVE;
				GCC_WARN_UNUSED_FUNCTION = YES;
				GCC_WARN_UNUSED_VARIABLE = YES;
				IPHONEOS_DEPLOYMENT_TARGET = 13.2;
				MTL_ENABLE_DEBUG_INFO = NO;
				MTL_FAST_MATH = YES;
				OTHER_SWIFT_FLAGS = "-enable-bridging-pch";
				SDKROOT = iphoneos;
				SWIFT_COMPILATION_MODE = wholemodule;
				SWIFT_OPTIMIZATION_LEVEL = "-O";
				VALIDATE_PRODUCT = YES;
			};
			name = Release;
		};
		49EB44F623871128002F434D /* Debug */ = {
			isa = XCBuildConfiguration;
			buildSettings = {
				ASSETCATALOG_COMPILER_APPICON_NAME = AppIcon;
				CLANG_ENABLE_MODULES = YES;
				CODE_SIGN_ENTITLEMENTS = MeetingiOS/MeetingiOS.entitlements;
				CODE_SIGN_STYLE = Automatic;
				DEFINES_MODULE = YES;
				DEVELOPMENT_TEAM = 3H798M6N3T;
				INFOPLIST_FILE = MeetingiOS/Info.plist;
				IPHONEOS_DEPLOYMENT_TARGET = 13.0;
				LD_RUNPATH_SEARCH_PATHS = (
					"$(inherited)",
					"@executable_path/Frameworks",
				);
				MARKETING_VERSION = 1.0;
				PRODUCT_BUNDLE_IDENTIFIER = com.QuartetoFantastico.Meeting.iOS;
				PRODUCT_NAME = "$(TARGET_NAME)";
				SWIFT_OBJC_BRIDGING_HEADER = "MeetingiOS/ViewControllers/MeetingiOS-Bridging-Header.h";
				SWIFT_OPTIMIZATION_LEVEL = "-Onone";
				SWIFT_VERSION = 5.0;
				TARGETED_DEVICE_FAMILY = "1,2";
			};
			name = Debug;
		};
		49EB44F723871128002F434D /* Release */ = {
			isa = XCBuildConfiguration;
			buildSettings = {
				ASSETCATALOG_COMPILER_APPICON_NAME = AppIcon;
				CLANG_ENABLE_MODULES = YES;
				CODE_SIGN_ENTITLEMENTS = MeetingiOS/MeetingiOS.entitlements;
				CODE_SIGN_STYLE = Automatic;
				DEFINES_MODULE = YES;
				DEVELOPMENT_TEAM = 3H798M6N3T;
				INFOPLIST_FILE = MeetingiOS/Info.plist;
				IPHONEOS_DEPLOYMENT_TARGET = 13.0;
				LD_RUNPATH_SEARCH_PATHS = (
					"$(inherited)",
					"@executable_path/Frameworks",
				);
				MARKETING_VERSION = 1.0;
				PRODUCT_BUNDLE_IDENTIFIER = com.QuartetoFantastico.Meeting.iOS;
				PRODUCT_NAME = "$(TARGET_NAME)";
				SWIFT_OBJC_BRIDGING_HEADER = "MeetingiOS/ViewControllers/MeetingiOS-Bridging-Header.h";
				SWIFT_VERSION = 5.0;
				TARGETED_DEVICE_FAMILY = "1,2";
			};
			name = Release;
		};
/* End XCBuildConfiguration section */

/* Begin XCConfigurationList section */
		49EB44D923871126002F434D /* Build configuration list for PBXProject "MeetingiOS" */ = {
			isa = XCConfigurationList;
			buildConfigurations = (
				49EB44F323871128002F434D /* Debug */,
				49EB44F423871128002F434D /* Release */,
			);
			defaultConfigurationIsVisible = 0;
			defaultConfigurationName = Release;
		};
		49EB44F523871128002F434D /* Build configuration list for PBXNativeTarget "MeetingiOS" */ = {
			isa = XCConfigurationList;
			buildConfigurations = (
				49EB44F623871128002F434D /* Debug */,
				49EB44F723871128002F434D /* Release */,
			);
			defaultConfigurationIsVisible = 0;
			defaultConfigurationName = Release;
		};
/* End XCConfigurationList section */
	};
	rootObject = 49EB44D623871126002F434D /* Project object */;
}
